
Microsoft Visual Studio Solution File, Format Version 12.00
# Visual Studio 15
VisualStudioVersion = 15.0.26403.3
MinimumVisualStudioVersion = 10.0.40219.1
Project("{8BC9CEB8-8B4A-11D0-8D11-00A0C91BC942}") = "ccCore", "..\..\..\src\Library\ccCore\msvc\ccCore.VS2017.vcxproj", "{B3B6750E-2ACD-4362-845A-2A79AB52FBD1}"
EndProject
Project("{8BC9CEB8-8B4A-11D0-8D11-00A0C91BC942}") = "ccWebServer", "..\..\..\src\Library\ccWebServer\msvc\ccWebServer.VS2017.vcxproj", "{4B237A6F-F4D9-4BBF-9D63-6460DDF8B984}"
EndProject
Project("{8BC9CEB8-8B4A-11D0-8D11-00A0C91BC942}") = "ccMongooseServer", "..\..\..\src\ThirdPartyLibrary\ccMongooseServer\msvc\ccMongooseServer.VS2017.vcxproj", "{E3FCC667-3505-4635-A78B-EA15E73D4755}"
EndProject
Project("{8BC9CEB8-8B4A-11D0-8D11-00A0C91BC942}") = "ccJsonParser", "..\..\..\src\FossLibrary\ccJsonParser\msvc\ccJsonParser.VS2017.vcxproj", "{E7BFC6A3-98B0-4103-A3BA-DE08105F2DB3}"
EndProject
Project("{8BC9CEB8-8B4A-11D0-8D11-00A0C91BC942}") = "ccWebsocketClient", "..\..\..\src\FossLibrary\ccWebsocketClient\msvc\ccWebsocketClient.VS2017.vcxproj", "{0E86FFB0-57E1-4A9E-A12D-8A07CA1C5708}"
EndProject
Project("{8BC9CEB8-8B4A-11D0-8D11-00A0C91BC942}") = "ccNetwork", "..\..\..\src\Library\ccNetwork\msvc\ccNetwork.VS2017.vcxproj", "{22622606-5D5B-499C-8F3D-BAD302A10950}"
EndProject
Project("{8BC9CEB8-8B4A-11D0-8D11-00A0C91BC942}") = "IoTDeviceManagerTest", "..\..\..\test\IoTDeviceTestApp\IoTDeviceManagerTest\msvc\IoTDeviceManagerTest.VS2017.vcxproj", "{48C6E127-530C-4C02-9029-854A791AF816}"
EndProject
Project("{8BC9CEB8-8B4A-11D0-8D11-00A0C91BC942}") = "IoTDeviceTest.VS2017", "..\..\..\test\IoTDeviceTestApp\IoTDeviceTest\msvc\IoTDeviceTest.VS2017.vcxproj", "{9734DA8A-5988-450F-8F51-6F1F6C7EDE2A}"
EndProject
Project("{8BC9CEB8-8B4A-11D0-8D11-00A0C91BC942}") = "IoTMultiFunctionDeviceTest.VS2017", "..\..\..\test\IoTDeviceTestApp\IoTMultiFunctionDeviceTest\msvc\IoTMultiFunctionDeviceTest.VS2017.vcxproj", "{C03A2F80-0A3C-4CD5-89CC-04C637F5BAC9}"
EndProject
Project("{8BC9CEB8-8B4A-11D0-8D11-00A0C91BC942}") = "ccIoTDeviceAPI", "..\..\..\src\IoTLibrary\ccIoTDevice\msvc\ccIoTDeviceAPI.VS2017.vcxproj", "{6FCEEDD0-C893-4C4E-B85A-10FBD1D36387}"
EndProject
Global
	GlobalSection(SolutionConfigurationPlatforms) = preSolution
		Debug|x64 = Debug|x64
		Debug|x86 = Debug|x86
		Release|x64 = Release|x64
		Release|x86 = Release|x86
	EndGlobalSection
	GlobalSection(ProjectConfigurationPlatforms) = postSolution
		{B3B6750E-2ACD-4362-845A-2A79AB52FBD1}.Debug|x64.ActiveCfg = Debug|x64
		{B3B6750E-2ACD-4362-845A-2A79AB52FBD1}.Debug|x64.Build.0 = Debug|x64
		{B3B6750E-2ACD-4362-845A-2A79AB52FBD1}.Debug|x86.ActiveCfg = Debug|Win32
		{B3B6750E-2ACD-4362-845A-2A79AB52FBD1}.Debug|x86.Build.0 = Debug|Win32
		{B3B6750E-2ACD-4362-845A-2A79AB52FBD1}.Release|x64.ActiveCfg = Release|x64
		{B3B6750E-2ACD-4362-845A-2A79AB52FBD1}.Release|x64.Build.0 = Release|x64
		{B3B6750E-2ACD-4362-845A-2A79AB52FBD1}.Release|x86.ActiveCfg = Release|Win32
		{B3B6750E-2ACD-4362-845A-2A79AB52FBD1}.Release|x86.Build.0 = Release|Win32
		{4B237A6F-F4D9-4BBF-9D63-6460DDF8B984}.Debug|x64.ActiveCfg = Debug|x64
		{4B237A6F-F4D9-4BBF-9D63-6460DDF8B984}.Debug|x64.Build.0 = Debug|x64
		{4B237A6F-F4D9-4BBF-9D63-6460DDF8B984}.Debug|x86.ActiveCfg = Debug|Win32
		{4B237A6F-F4D9-4BBF-9D63-6460DDF8B984}.Debug|x86.Build.0 = Debug|Win32
		{4B237A6F-F4D9-4BBF-9D63-6460DDF8B984}.Release|x64.ActiveCfg = Release|x64
		{4B237A6F-F4D9-4BBF-9D63-6460DDF8B984}.Release|x64.Build.0 = Release|x64
		{4B237A6F-F4D9-4BBF-9D63-6460DDF8B984}.Release|x86.ActiveCfg = Release|Win32
		{4B237A6F-F4D9-4BBF-9D63-6460DDF8B984}.Release|x86.Build.0 = Release|Win32
		{E3FCC667-3505-4635-A78B-EA15E73D4755}.Debug|x64.ActiveCfg = Debug|x64
		{E3FCC667-3505-4635-A78B-EA15E73D4755}.Debug|x64.Build.0 = Debug|x64
		{E3FCC667-3505-4635-A78B-EA15E73D4755}.Debug|x86.ActiveCfg = Debug|Win32
		{E3FCC667-3505-4635-A78B-EA15E73D4755}.Debug|x86.Build.0 = Debug|Win32
		{E3FCC667-3505-4635-A78B-EA15E73D4755}.Release|x64.ActiveCfg = Release|x64
		{E3FCC667-3505-4635-A78B-EA15E73D4755}.Release|x64.Build.0 = Release|x64
		{E3FCC667-3505-4635-A78B-EA15E73D4755}.Release|x86.ActiveCfg = Release|Win32
		{E3FCC667-3505-4635-A78B-EA15E73D4755}.Release|x86.Build.0 = Release|Win32
		{E7BFC6A3-98B0-4103-A3BA-DE08105F2DB3}.Debug|x64.ActiveCfg = Debug|x64
		{E7BFC6A3-98B0-4103-A3BA-DE08105F2DB3}.Debug|x64.Build.0 = Debug|x64
		{E7BFC6A3-98B0-4103-A3BA-DE08105F2DB3}.Debug|x86.ActiveCfg = Debug|Win32
		{E7BFC6A3-98B0-4103-A3BA-DE08105F2DB3}.Debug|x86.Build.0 = Debug|Win32
		{E7BFC6A3-98B0-4103-A3BA-DE08105F2DB3}.Release|x64.ActiveCfg = Release|x64
		{E7BFC6A3-98B0-4103-A3BA-DE08105F2DB3}.Release|x64.Build.0 = Release|x64
		{E7BFC6A3-98B0-4103-A3BA-DE08105F2DB3}.Release|x86.ActiveCfg = Release|Win32
		{E7BFC6A3-98B0-4103-A3BA-DE08105F2DB3}.Release|x86.Build.0 = Release|Win32
		{0E86FFB0-57E1-4A9E-A12D-8A07CA1C5708}.Debug|x64.ActiveCfg = Debug|x64
		{0E86FFB0-57E1-4A9E-A12D-8A07CA1C5708}.Debug|x64.Build.0 = Debug|x64
		{0E86FFB0-57E1-4A9E-A12D-8A07CA1C5708}.Debug|x86.ActiveCfg = Debug|Win32
		{0E86FFB0-57E1-4A9E-A12D-8A07CA1C5708}.Debug|x86.Build.0 = Debug|Win32
		{0E86FFB0-57E1-4A9E-A12D-8A07CA1C5708}.Release|x64.ActiveCfg = Release|x64
		{0E86FFB0-57E1-4A9E-A12D-8A07CA1C5708}.Release|x64.Build.0 = Release|x64
		{0E86FFB0-57E1-4A9E-A12D-8A07CA1C5708}.Release|x86.ActiveCfg = Release|Win32
		{0E86FFB0-57E1-4A9E-A12D-8A07CA1C5708}.Release|x86.Build.0 = Release|Win32
		{22622606-5D5B-499C-8F3D-BAD302A10950}.Debug|x64.ActiveCfg = Debug|x64
		{22622606-5D5B-499C-8F3D-BAD302A10950}.Debug|x64.Build.0 = Debug|x64
		{22622606-5D5B-499C-8F3D-BAD302A10950}.Debug|x86.ActiveCfg = Debug|Win32
		{22622606-5D5B-499C-8F3D-BAD302A10950}.Debug|x86.Build.0 = Debug|Win32
		{22622606-5D5B-499C-8F3D-BAD302A10950}.Release|x64.ActiveCfg = Release|x64
		{22622606-5D5B-499C-8F3D-BAD302A10950}.Release|x64.Build.0 = Release|x64
		{22622606-5D5B-499C-8F3D-BAD302A10950}.Release|x86.ActiveCfg = Release|Win32
		{22622606-5D5B-499C-8F3D-BAD302A10950}.Release|x86.Build.0 = Release|Win32
		{48C6E127-530C-4C02-9029-854A791AF816}.Debug|x64.ActiveCfg = Debug|x64
		{48C6E127-530C-4C02-9029-854A791AF816}.Debug|x64.Build.0 = Debug|x64
		{48C6E127-530C-4C02-9029-854A791AF816}.Debug|x86.ActiveCfg = Debug|Win32
		{48C6E127-530C-4C02-9029-854A791AF816}.Debug|x86.Build.0 = Debug|Win32
		{48C6E127-530C-4C02-9029-854A791AF816}.Release|x64.ActiveCfg = Release|x64
		{48C6E127-530C-4C02-9029-854A791AF816}.Release|x64.Build.0 = Release|x64
		{48C6E127-530C-4C02-9029-854A791AF816}.Release|x86.ActiveCfg = Release|Win32
		{48C6E127-530C-4C02-9029-854A791AF816}.Release|x86.Build.0 = Release|Win32
		{9734DA8A-5988-450F-8F51-6F1F6C7EDE2A}.Debug|x64.ActiveCfg = Debug|x64
		{9734DA8A-5988-450F-8F51-6F1F6C7EDE2A}.Debug|x64.Build.0 = Debug|x64
		{9734DA8A-5988-450F-8F51-6F1F6C7EDE2A}.Debug|x86.ActiveCfg = Debug|Win32
		{9734DA8A-5988-450F-8F51-6F1F6C7EDE2A}.Debug|x86.Build.0 = Debug|Win32
		{9734DA8A-5988-450F-8F51-6F1F6C7EDE2A}.Release|x64.ActiveCfg = Release|x64
		{9734DA8A-5988-450F-8F51-6F1F6C7EDE2A}.Release|x64.Build.0 = Release|x64
		{9734DA8A-5988-450F-8F51-6F1F6C7EDE2A}.Release|x86.ActiveCfg = Release|Win32
		{9734DA8A-5988-450F-8F51-6F1F6C7EDE2A}.Release|x86.Build.0 = Release|Win32
		{C03A2F80-0A3C-4CD5-89CC-04C637F5BAC9}.Debug|x64.ActiveCfg = Debug|x64
		{C03A2F80-0A3C-4CD5-89CC-04C637F5BAC9}.Debug|x64.Build.0 = Debug|x64
		{C03A2F80-0A3C-4CD5-89CC-04C637F5BAC9}.Debug|x86.ActiveCfg = Debug|Win32
		{C03A2F80-0A3C-4CD5-89CC-04C637F5BAC9}.Debug|x86.Build.0 = Debug|Win32
		{C03A2F80-0A3C-4CD5-89CC-04C637F5BAC9}.Release|x64.ActiveCfg = Release|x64
		{C03A2F80-0A3C-4CD5-89CC-04C637F5BAC9}.Release|x64.Build.0 = Release|x64
		{C03A2F80-0A3C-4CD5-89CC-04C637F5BAC9}.Release|x86.ActiveCfg = Release|Win32
		{C03A2F80-0A3C-4CD5-89CC-04C637F5BAC9}.Release|x86.Build.0 = Release|Win32
		{6FCEEDD0-C893-4C4E-B85A-10FBD1D36387}.Debug|x64.ActiveCfg = Debug|x64
		{6FCEEDD0-C893-4C4E-B85A-10FBD1D36387}.Debug|x64.Build.0 = Debug|x64
		{6FCEEDD0-C893-4C4E-B85A-10FBD1D36387}.Debug|x86.ActiveCfg = Debug|Win32
		{6FCEEDD0-C893-4C4E-B85A-10FBD1D36387}.Debug|x86.Build.0 = Debug|Win32
		{6FCEEDD0-C893-4C4E-B85A-10FBD1D36387}.Release|x64.ActiveCfg = Release|x64
		{6FCEEDD0-C893-4C4E-B85A-10FBD1D36387}.Release|x64.Build.0 = Release|x64
		{6FCEEDD0-C893-4C4E-B85A-10FBD1D36387}.Release|x86.ActiveCfg = Release|Win32
		{6FCEEDD0-C893-4C4E-B85A-10FBD1D36387}.Release|x86.Build.0 = Release|Win32
	EndGlobalSection
	GlobalSection(SolutionProperties) = preSolution
		HideSolutionNode = FALSE
	EndGlobalSection
EndGlobal
