
Microsoft Visual Studio Solution File, Format Version 12.00
# Visual Studio 15
VisualStudioVersion = 15.0.26430.13
MinimumVisualStudioVersion = 10.0.40219.1
Project("{8BC9CEB8-8B4A-11D0-8D11-00A0C91BC942}") = "ccCore", "..\src\Library\ccCore\msvc\ccCore.vcxproj", "{B3B6750E-2ACD-4362-845A-2A79AB52FBD1}"
EndProject
Project("{8BC9CEB8-8B4A-11D0-8D11-00A0C91BC942}") = "ccWebServer", "..\src\Library\ccWebServer\msvc\ccWebServer.vcxproj", "{4B237A6F-F4D9-4BBF-9D63-6460DDF8B984}"
EndProject
Project("{8BC9CEB8-8B4A-11D0-8D11-00A0C91BC942}") = "ccMongooseWebServer", "..\src\ThirdPartyLibrary\ccMongooseWebServer\msvc\ccMongooseWebServer.vcxproj", "{E3FCC667-3505-4635-A78B-EA15E73D4755}"
EndProject
Project("{8BC9CEB8-8B4A-11D0-8D11-00A0C91BC942}") = "ccJsonParser", "..\src\FossLibrary\ccJsonParser\msvc\ccJsonParser.vcxproj", "{E7BFC6A3-98B0-4103-A3BA-DE08105F2DB3}"
EndProject
Project("{8BC9CEB8-8B4A-11D0-8D11-00A0C91BC942}") = "ccWebsocketClient", "..\src\FossLibrary\ccWebsocketClient\msvc\ccWebsocketClient.vcxproj", "{0E86FFB0-57E1-4A9E-A12D-8A07CA1C5708}"
EndProject
Project("{8BC9CEB8-8B4A-11D0-8D11-00A0C91BC942}") = "ccNetwork", "..\src\Library\ccNetwork\msvc\ccNetwork.vcxproj", "{22622606-5D5B-499C-8F3D-BAD302A10950}"
EndProject
Project("{8BC9CEB8-8B4A-11D0-8D11-00A0C91BC942}") = "libcurl", "dependency\libcurl.vcxproj", "{DA6F56B4-06A4-441D-AD70-AC5A7D51FADB}"
EndProject
Project("{8BC9CEB8-8B4A-11D0-8D11-00A0C91BC942}") = "mbedTLS", "dependency\mbedTLS.vcxproj", "{46CF2D25-6A36-4189-B59C-E4815388E554}"
EndProject
Project("{8BC9CEB8-8B4A-11D0-8D11-00A0C91BC942}") = "ccRestClient", "..\src\FossLibrary\ccRestClient\msvs\ccRestClient.vcxproj", "{AF9021E1-2FF3-4032-8027-04EE666A8C33}"
EndProject
Project("{8BC9CEB8-8B4A-11D0-8D11-00A0C91BC942}") = "RestClientTest", "..\test\RestClientTest\msvc\RestClientTest.vcxproj", "{54761A10-7565-4CF4-934C-8AE984255207}"
EndProject
Project("{8BC9CEB8-8B4A-11D0-8D11-00A0C91BC942}") = "WatsonPoCTest", "..\test\WatsonPoCTest\msvc\WatsonPoCTest.vcxproj", "{4FA70435-9F72-4164-9D93-C352B624E19F}"
EndProject
Project("{8BC9CEB8-8B4A-11D0-8D11-00A0C91BC942}") = "libnyquist", "..\extlibs\libnyquist\msvs\v140\libnyquist.vcxproj", "{0EEC3739-F60A-4B90-8B75-9E1AFF28106A}"
EndProject
Project("{8BC9CEB8-8B4A-11D0-8D11-00A0C91BC942}") = "rtaudio", "..\extlibs\rtaudio\msvs\rtaudio.vcxproj", "{9D9B3D5A-F6F3-4AAE-918F-80E5062EE802}"
EndProject
Project("{8BC9CEB8-8B4A-11D0-8D11-00A0C91BC942}") = "IoTDeviceManagerTest", "..\test\IoTDeviceTestApp\IoTDeviceManagerTest\msvc\IoTDeviceManagerTest.vcxproj", "{48C6E127-530C-4C02-9029-854A791AF816}"
EndProject
Project("{8BC9CEB8-8B4A-11D0-8D11-00A0C91BC942}") = "IoTDeviceTest", "..\test\IoTDeviceTestApp\IoTDeviceTest\msvc\IoTDeviceTest.vcxproj", "{9734DA8A-5988-450F-8F51-6F1F6C7EDE2A}"
EndProject
Project("{8BC9CEB8-8B4A-11D0-8D11-00A0C91BC942}") = "IoTDeviceWithUITest", "..\test\IoTDeviceTestApp\IoTDeviceWithUITest\IoTDeviceWithUITest.vcxproj", "{5B033BAA-E21A-4E31-8418-EC3224EE0D6A}"
EndProject
Project("{8BC9CEB8-8B4A-11D0-8D11-00A0C91BC942}") = "ccIoTDevice", "..\src\IoTLibrary\ccIoTDevice\msvc\ccIoTDeviceAPI.vcxproj", "{6FCEEDD0-C893-4C4E-B85A-10FBD1D36387}"
EndProject
Project("{2150E333-8FDC-42A3-9474-1A3956D46DE8}") = "Test", "Test", "{2005A03A-337A-442C-8114-1C1AEF41E005}"
EndProject
Project("{2150E333-8FDC-42A3-9474-1A3956D46DE8}") = "Luna Libraries", "Luna Libraries", "{97FBE2D9-ECAD-4E03-A2FF-F1F4F3F1ADD0}"
EndProject
Project("{2150E333-8FDC-42A3-9474-1A3956D46DE8}") = "Dependency Libraries", "Dependency Libraries", "{6076CCC1-4310-4D47-9859-D31649213017}"
EndProject
Project("{2150E333-8FDC-42A3-9474-1A3956D46DE8}") = "IBM Bluemix Text", "IBM Bluemix Text", "{1860D18F-1ACE-4886-B8F3-BDE4BF22F00F}"
EndProject
Project("{2150E333-8FDC-42A3-9474-1A3956D46DE8}") = "IoT", "IoT", "{981FEA22-3DE0-48C7-8A87-3C6FCBEA6843}"
EndProject
Project("{2150E333-8FDC-42A3-9474-1A3956D46DE8}") = "RestClient", "RestClient", "{EC24C19A-B10B-43B6-8CF0-CE938AA4CFB5}"
EndProject
Project("{2150E333-8FDC-42A3-9474-1A3956D46DE8}") = "WebServer", "WebServer", "{681D96B4-39DF-4CB7-8FF9-855EB7624446}"
EndProject
Project("{8BC9CEB8-8B4A-11D0-8D11-00A0C91BC942}") = "WebServerTest", "..\test\WebServerTest\msvc\WebServerTest.vcxproj", "{C693FF58-F640-4EB7-933A-FE6B46CCF005}"
EndProject
Project("{8BC9CEB8-8B4A-11D0-8D11-00A0C91BC942}") = "WatsonConversationTest", "..\test\WatsonConversationTest\msvc\WatsonConversationTest.vcxproj", "{F95A34F6-93D5-42BC-8432-CF9C514FA1BD}"
EndProject
Project("{8BC9CEB8-8B4A-11D0-8D11-00A0C91BC942}") = "IoTMultiFunctionDeviceTest", "..\test\IoTDeviceTestApp\IoTMultiFunctionDeviceTest\msvc\IoTMultiFunctionDeviceTest.vcxproj", "{C03A2F80-0A3C-4CD5-89CC-04C637F5BAC9}"
EndProject
Global
	GlobalSection(SolutionConfigurationPlatforms) = preSolution
		Debug|x64 = Debug|x64
		Debug|x86 = Debug|x86
		LIB Debug - LIB mbedTLS|x64 = LIB Debug - LIB mbedTLS|x64
		LIB Debug - LIB mbedTLS|x86 = LIB Debug - LIB mbedTLS|x86
		LIB Debug - LIB OpenSSL - LIB LibSSH2|x64 = LIB Debug - LIB OpenSSL - LIB LibSSH2|x64
		LIB Debug - LIB OpenSSL - LIB LibSSH2|x86 = LIB Debug - LIB OpenSSL - LIB LibSSH2|x86
		LIB Debug - LIB OpenSSL|x64 = LIB Debug - LIB OpenSSL|x64
		LIB Debug - LIB OpenSSL|x86 = LIB Debug - LIB OpenSSL|x86
		LIB Debug|x64 = LIB Debug|x64
		LIB Debug|x86 = LIB Debug|x86
		LIB Release - LIB mbedTLS|x64 = LIB Release - LIB mbedTLS|x64
		LIB Release - LIB mbedTLS|x86 = LIB Release - LIB mbedTLS|x86
		LIB Release - LIB OpenSSL - LIB LibSSH2|x64 = LIB Release - LIB OpenSSL - LIB LibSSH2|x64
		LIB Release - LIB OpenSSL - LIB LibSSH2|x86 = LIB Release - LIB OpenSSL - LIB LibSSH2|x86
		LIB Release - LIB OpenSSL|x64 = LIB Release - LIB OpenSSL|x64
		LIB Release - LIB OpenSSL|x86 = LIB Release - LIB OpenSSL|x86
		LIB Release|x64 = LIB Release|x64
		LIB Release|x86 = LIB Release|x86
		Release|x64 = Release|x64
		Release|x86 = Release|x86
	EndGlobalSection
	GlobalSection(ProjectConfigurationPlatforms) = postSolution
		{B3B6750E-2ACD-4362-845A-2A79AB52FBD1}.Debug|x64.ActiveCfg = Debug|x64
		{B3B6750E-2ACD-4362-845A-2A79AB52FBD1}.Debug|x64.Build.0 = Debug|x64
		{B3B6750E-2ACD-4362-845A-2A79AB52FBD1}.Debug|x86.ActiveCfg = Debug|Win32
		{B3B6750E-2ACD-4362-845A-2A79AB52FBD1}.Debug|x86.Build.0 = Debug|Win32
		{B3B6750E-2ACD-4362-845A-2A79AB52FBD1}.LIB Debug - LIB mbedTLS|x64.ActiveCfg = Debug|x64
		{B3B6750E-2ACD-4362-845A-2A79AB52FBD1}.LIB Debug - LIB mbedTLS|x64.Build.0 = Debug|x64
		{B3B6750E-2ACD-4362-845A-2A79AB52FBD1}.LIB Debug - LIB mbedTLS|x86.ActiveCfg = Debug|Win32
		{B3B6750E-2ACD-4362-845A-2A79AB52FBD1}.LIB Debug - LIB mbedTLS|x86.Build.0 = Debug|Win32
		{B3B6750E-2ACD-4362-845A-2A79AB52FBD1}.LIB Debug - LIB OpenSSL - LIB LibSSH2|x64.ActiveCfg = Debug|x64
		{B3B6750E-2ACD-4362-845A-2A79AB52FBD1}.LIB Debug - LIB OpenSSL - LIB LibSSH2|x64.Build.0 = Debug|x64
		{B3B6750E-2ACD-4362-845A-2A79AB52FBD1}.LIB Debug - LIB OpenSSL - LIB LibSSH2|x86.ActiveCfg = Debug|Win32
		{B3B6750E-2ACD-4362-845A-2A79AB52FBD1}.LIB Debug - LIB OpenSSL - LIB LibSSH2|x86.Build.0 = Debug|Win32
		{B3B6750E-2ACD-4362-845A-2A79AB52FBD1}.LIB Debug - LIB OpenSSL|x64.ActiveCfg = Debug|x64
		{B3B6750E-2ACD-4362-845A-2A79AB52FBD1}.LIB Debug - LIB OpenSSL|x64.Build.0 = Debug|x64
		{B3B6750E-2ACD-4362-845A-2A79AB52FBD1}.LIB Debug - LIB OpenSSL|x86.ActiveCfg = Debug|Win32
		{B3B6750E-2ACD-4362-845A-2A79AB52FBD1}.LIB Debug - LIB OpenSSL|x86.Build.0 = Debug|Win32
		{B3B6750E-2ACD-4362-845A-2A79AB52FBD1}.LIB Debug|x64.ActiveCfg = Debug|x64
		{B3B6750E-2ACD-4362-845A-2A79AB52FBD1}.LIB Debug|x64.Build.0 = Debug|x64
		{B3B6750E-2ACD-4362-845A-2A79AB52FBD1}.LIB Debug|x86.ActiveCfg = Debug|Win32
		{B3B6750E-2ACD-4362-845A-2A79AB52FBD1}.LIB Debug|x86.Build.0 = Debug|Win32
		{B3B6750E-2ACD-4362-845A-2A79AB52FBD1}.LIB Release - LIB mbedTLS|x64.ActiveCfg = Release|x64
		{B3B6750E-2ACD-4362-845A-2A79AB52FBD1}.LIB Release - LIB mbedTLS|x64.Build.0 = Release|x64
		{B3B6750E-2ACD-4362-845A-2A79AB52FBD1}.LIB Release - LIB mbedTLS|x86.ActiveCfg = Release|Win32
		{B3B6750E-2ACD-4362-845A-2A79AB52FBD1}.LIB Release - LIB mbedTLS|x86.Build.0 = Release|Win32
		{B3B6750E-2ACD-4362-845A-2A79AB52FBD1}.LIB Release - LIB OpenSSL - LIB LibSSH2|x64.ActiveCfg = Release|x64
		{B3B6750E-2ACD-4362-845A-2A79AB52FBD1}.LIB Release - LIB OpenSSL - LIB LibSSH2|x64.Build.0 = Release|x64
		{B3B6750E-2ACD-4362-845A-2A79AB52FBD1}.LIB Release - LIB OpenSSL - LIB LibSSH2|x86.ActiveCfg = Release|Win32
		{B3B6750E-2ACD-4362-845A-2A79AB52FBD1}.LIB Release - LIB OpenSSL - LIB LibSSH2|x86.Build.0 = Release|Win32
		{B3B6750E-2ACD-4362-845A-2A79AB52FBD1}.LIB Release - LIB OpenSSL|x64.ActiveCfg = Release|x64
		{B3B6750E-2ACD-4362-845A-2A79AB52FBD1}.LIB Release - LIB OpenSSL|x64.Build.0 = Release|x64
		{B3B6750E-2ACD-4362-845A-2A79AB52FBD1}.LIB Release - LIB OpenSSL|x86.ActiveCfg = Release|Win32
		{B3B6750E-2ACD-4362-845A-2A79AB52FBD1}.LIB Release - LIB OpenSSL|x86.Build.0 = Release|Win32
		{B3B6750E-2ACD-4362-845A-2A79AB52FBD1}.LIB Release|x64.ActiveCfg = Release|x64
		{B3B6750E-2ACD-4362-845A-2A79AB52FBD1}.LIB Release|x64.Build.0 = Release|x64
		{B3B6750E-2ACD-4362-845A-2A79AB52FBD1}.LIB Release|x86.ActiveCfg = Release|Win32
		{B3B6750E-2ACD-4362-845A-2A79AB52FBD1}.LIB Release|x86.Build.0 = Release|Win32
		{B3B6750E-2ACD-4362-845A-2A79AB52FBD1}.Release|x64.ActiveCfg = Release|x64
		{B3B6750E-2ACD-4362-845A-2A79AB52FBD1}.Release|x64.Build.0 = Release|x64
		{B3B6750E-2ACD-4362-845A-2A79AB52FBD1}.Release|x86.ActiveCfg = Release|Win32
		{B3B6750E-2ACD-4362-845A-2A79AB52FBD1}.Release|x86.Build.0 = Release|Win32
		{4B237A6F-F4D9-4BBF-9D63-6460DDF8B984}.Debug|x64.ActiveCfg = Debug|x64
		{4B237A6F-F4D9-4BBF-9D63-6460DDF8B984}.Debug|x64.Build.0 = Debug|x64
		{4B237A6F-F4D9-4BBF-9D63-6460DDF8B984}.Debug|x86.ActiveCfg = Debug|Win32
		{4B237A6F-F4D9-4BBF-9D63-6460DDF8B984}.Debug|x86.Build.0 = Debug|Win32
		{4B237A6F-F4D9-4BBF-9D63-6460DDF8B984}.LIB Debug - LIB mbedTLS|x64.ActiveCfg = Debug|x64
		{4B237A6F-F4D9-4BBF-9D63-6460DDF8B984}.LIB Debug - LIB mbedTLS|x64.Build.0 = Debug|x64
		{4B237A6F-F4D9-4BBF-9D63-6460DDF8B984}.LIB Debug - LIB mbedTLS|x64.Deploy.0 = Debug|x64
		{4B237A6F-F4D9-4BBF-9D63-6460DDF8B984}.LIB Debug - LIB mbedTLS|x86.ActiveCfg = Debug|Win32
		{4B237A6F-F4D9-4BBF-9D63-6460DDF8B984}.LIB Debug - LIB mbedTLS|x86.Build.0 = Debug|Win32
		{4B237A6F-F4D9-4BBF-9D63-6460DDF8B984}.LIB Debug - LIB mbedTLS|x86.Deploy.0 = Debug|Win32
		{4B237A6F-F4D9-4BBF-9D63-6460DDF8B984}.LIB Debug - LIB OpenSSL - LIB LibSSH2|x64.ActiveCfg = Debug|x64
		{4B237A6F-F4D9-4BBF-9D63-6460DDF8B984}.LIB Debug - LIB OpenSSL - LIB LibSSH2|x64.Build.0 = Debug|x64
		{4B237A6F-F4D9-4BBF-9D63-6460DDF8B984}.LIB Debug - LIB OpenSSL - LIB LibSSH2|x64.Deploy.0 = Debug|x64
		{4B237A6F-F4D9-4BBF-9D63-6460DDF8B984}.LIB Debug - LIB OpenSSL - LIB LibSSH2|x86.ActiveCfg = Debug|Win32
		{4B237A6F-F4D9-4BBF-9D63-6460DDF8B984}.LIB Debug - LIB OpenSSL - LIB LibSSH2|x86.Build.0 = Debug|Win32
		{4B237A6F-F4D9-4BBF-9D63-6460DDF8B984}.LIB Debug - LIB OpenSSL - LIB LibSSH2|x86.Deploy.0 = Debug|Win32
		{4B237A6F-F4D9-4BBF-9D63-6460DDF8B984}.LIB Debug - LIB OpenSSL|x64.ActiveCfg = Debug|x64
		{4B237A6F-F4D9-4BBF-9D63-6460DDF8B984}.LIB Debug - LIB OpenSSL|x64.Build.0 = Debug|x64
		{4B237A6F-F4D9-4BBF-9D63-6460DDF8B984}.LIB Debug - LIB OpenSSL|x64.Deploy.0 = Debug|x64
		{4B237A6F-F4D9-4BBF-9D63-6460DDF8B984}.LIB Debug - LIB OpenSSL|x86.ActiveCfg = Debug|Win32
		{4B237A6F-F4D9-4BBF-9D63-6460DDF8B984}.LIB Debug - LIB OpenSSL|x86.Build.0 = Debug|Win32
		{4B237A6F-F4D9-4BBF-9D63-6460DDF8B984}.LIB Debug - LIB OpenSSL|x86.Deploy.0 = Debug|Win32
		{4B237A6F-F4D9-4BBF-9D63-6460DDF8B984}.LIB Debug|x64.ActiveCfg = Debug|x64
		{4B237A6F-F4D9-4BBF-9D63-6460DDF8B984}.LIB Debug|x64.Build.0 = Debug|x64
		{4B237A6F-F4D9-4BBF-9D63-6460DDF8B984}.LIB Debug|x64.Deploy.0 = Debug|x64
		{4B237A6F-F4D9-4BBF-9D63-6460DDF8B984}.LIB Debug|x86.ActiveCfg = Debug|Win32
		{4B237A6F-F4D9-4BBF-9D63-6460DDF8B984}.LIB Debug|x86.Build.0 = Debug|Win32
		{4B237A6F-F4D9-4BBF-9D63-6460DDF8B984}.LIB Debug|x86.Deploy.0 = Debug|Win32
		{4B237A6F-F4D9-4BBF-9D63-6460DDF8B984}.LIB Release - LIB mbedTLS|x64.ActiveCfg = Release|x64
		{4B237A6F-F4D9-4BBF-9D63-6460DDF8B984}.LIB Release - LIB mbedTLS|x64.Build.0 = Release|x64
		{4B237A6F-F4D9-4BBF-9D63-6460DDF8B984}.LIB Release - LIB mbedTLS|x64.Deploy.0 = Release|x64
		{4B237A6F-F4D9-4BBF-9D63-6460DDF8B984}.LIB Release - LIB mbedTLS|x86.ActiveCfg = Release|Win32
		{4B237A6F-F4D9-4BBF-9D63-6460DDF8B984}.LIB Release - LIB mbedTLS|x86.Build.0 = Release|Win32
		{4B237A6F-F4D9-4BBF-9D63-6460DDF8B984}.LIB Release - LIB mbedTLS|x86.Deploy.0 = Release|Win32
		{4B237A6F-F4D9-4BBF-9D63-6460DDF8B984}.LIB Release - LIB OpenSSL - LIB LibSSH2|x64.ActiveCfg = Release|x64
		{4B237A6F-F4D9-4BBF-9D63-6460DDF8B984}.LIB Release - LIB OpenSSL - LIB LibSSH2|x64.Build.0 = Release|x64
		{4B237A6F-F4D9-4BBF-9D63-6460DDF8B984}.LIB Release - LIB OpenSSL - LIB LibSSH2|x64.Deploy.0 = Release|x64
		{4B237A6F-F4D9-4BBF-9D63-6460DDF8B984}.LIB Release - LIB OpenSSL - LIB LibSSH2|x86.ActiveCfg = Release|Win32
		{4B237A6F-F4D9-4BBF-9D63-6460DDF8B984}.LIB Release - LIB OpenSSL - LIB LibSSH2|x86.Build.0 = Release|Win32
		{4B237A6F-F4D9-4BBF-9D63-6460DDF8B984}.LIB Release - LIB OpenSSL - LIB LibSSH2|x86.Deploy.0 = Release|Win32
		{4B237A6F-F4D9-4BBF-9D63-6460DDF8B984}.LIB Release - LIB OpenSSL|x64.ActiveCfg = Release|x64
		{4B237A6F-F4D9-4BBF-9D63-6460DDF8B984}.LIB Release - LIB OpenSSL|x64.Build.0 = Release|x64
		{4B237A6F-F4D9-4BBF-9D63-6460DDF8B984}.LIB Release - LIB OpenSSL|x64.Deploy.0 = Release|x64
		{4B237A6F-F4D9-4BBF-9D63-6460DDF8B984}.LIB Release - LIB OpenSSL|x86.ActiveCfg = Release|Win32
		{4B237A6F-F4D9-4BBF-9D63-6460DDF8B984}.LIB Release - LIB OpenSSL|x86.Build.0 = Release|Win32
		{4B237A6F-F4D9-4BBF-9D63-6460DDF8B984}.LIB Release - LIB OpenSSL|x86.Deploy.0 = Release|Win32
		{4B237A6F-F4D9-4BBF-9D63-6460DDF8B984}.LIB Release|x64.ActiveCfg = Release|x64
		{4B237A6F-F4D9-4BBF-9D63-6460DDF8B984}.LIB Release|x64.Build.0 = Release|x64
		{4B237A6F-F4D9-4BBF-9D63-6460DDF8B984}.LIB Release|x64.Deploy.0 = Release|x64
		{4B237A6F-F4D9-4BBF-9D63-6460DDF8B984}.LIB Release|x86.ActiveCfg = Release|Win32
		{4B237A6F-F4D9-4BBF-9D63-6460DDF8B984}.LIB Release|x86.Build.0 = Release|Win32
		{4B237A6F-F4D9-4BBF-9D63-6460DDF8B984}.LIB Release|x86.Deploy.0 = Release|Win32
		{4B237A6F-F4D9-4BBF-9D63-6460DDF8B984}.Release|x64.ActiveCfg = Release|x64
		{4B237A6F-F4D9-4BBF-9D63-6460DDF8B984}.Release|x64.Build.0 = Release|x64
		{4B237A6F-F4D9-4BBF-9D63-6460DDF8B984}.Release|x86.ActiveCfg = Release|Win32
		{4B237A6F-F4D9-4BBF-9D63-6460DDF8B984}.Release|x86.Build.0 = Release|Win32
		{E3FCC667-3505-4635-A78B-EA15E73D4755}.Debug|x64.ActiveCfg = Debug|x64
		{E3FCC667-3505-4635-A78B-EA15E73D4755}.Debug|x64.Build.0 = Debug|x64
		{E3FCC667-3505-4635-A78B-EA15E73D4755}.Debug|x86.ActiveCfg = Debug|Win32
		{E3FCC667-3505-4635-A78B-EA15E73D4755}.Debug|x86.Build.0 = Debug|Win32
		{E3FCC667-3505-4635-A78B-EA15E73D4755}.LIB Debug - LIB mbedTLS|x64.ActiveCfg = Debug|x64
		{E3FCC667-3505-4635-A78B-EA15E73D4755}.LIB Debug - LIB mbedTLS|x64.Build.0 = Debug|x64
		{E3FCC667-3505-4635-A78B-EA15E73D4755}.LIB Debug - LIB mbedTLS|x86.ActiveCfg = Debug|Win32
		{E3FCC667-3505-4635-A78B-EA15E73D4755}.LIB Debug - LIB mbedTLS|x86.Build.0 = Debug|Win32
		{E3FCC667-3505-4635-A78B-EA15E73D4755}.LIB Debug - LIB OpenSSL - LIB LibSSH2|x64.ActiveCfg = Debug|x64
		{E3FCC667-3505-4635-A78B-EA15E73D4755}.LIB Debug - LIB OpenSSL - LIB LibSSH2|x64.Build.0 = Debug|x64
		{E3FCC667-3505-4635-A78B-EA15E73D4755}.LIB Debug - LIB OpenSSL - LIB LibSSH2|x64.Deploy.0 = Debug|x64
		{E3FCC667-3505-4635-A78B-EA15E73D4755}.LIB Debug - LIB OpenSSL - LIB LibSSH2|x86.ActiveCfg = Debug|Win32
		{E3FCC667-3505-4635-A78B-EA15E73D4755}.LIB Debug - LIB OpenSSL - LIB LibSSH2|x86.Build.0 = Debug|Win32
		{E3FCC667-3505-4635-A78B-EA15E73D4755}.LIB Debug - LIB OpenSSL - LIB LibSSH2|x86.Deploy.0 = Debug|Win32
		{E3FCC667-3505-4635-A78B-EA15E73D4755}.LIB Debug - LIB OpenSSL|x64.ActiveCfg = Debug|x64
		{E3FCC667-3505-4635-A78B-EA15E73D4755}.LIB Debug - LIB OpenSSL|x64.Build.0 = Debug|x64
		{E3FCC667-3505-4635-A78B-EA15E73D4755}.LIB Debug - LIB OpenSSL|x64.Deploy.0 = Debug|x64
		{E3FCC667-3505-4635-A78B-EA15E73D4755}.LIB Debug - LIB OpenSSL|x86.ActiveCfg = Debug|Win32
		{E3FCC667-3505-4635-A78B-EA15E73D4755}.LIB Debug - LIB OpenSSL|x86.Build.0 = Debug|Win32
		{E3FCC667-3505-4635-A78B-EA15E73D4755}.LIB Debug - LIB OpenSSL|x86.Deploy.0 = Debug|Win32
		{E3FCC667-3505-4635-A78B-EA15E73D4755}.LIB Debug|x64.ActiveCfg = Debug|x64
		{E3FCC667-3505-4635-A78B-EA15E73D4755}.LIB Debug|x64.Build.0 = Debug|x64
		{E3FCC667-3505-4635-A78B-EA15E73D4755}.LIB Debug|x64.Deploy.0 = Debug|x64
		{E3FCC667-3505-4635-A78B-EA15E73D4755}.LIB Debug|x86.ActiveCfg = Debug|Win32
		{E3FCC667-3505-4635-A78B-EA15E73D4755}.LIB Debug|x86.Build.0 = Debug|Win32
		{E3FCC667-3505-4635-A78B-EA15E73D4755}.LIB Debug|x86.Deploy.0 = Debug|Win32
		{E3FCC667-3505-4635-A78B-EA15E73D4755}.LIB Release - LIB mbedTLS|x64.ActiveCfg = Release|x64
		{E3FCC667-3505-4635-A78B-EA15E73D4755}.LIB Release - LIB mbedTLS|x64.Build.0 = Release|x64
		{E3FCC667-3505-4635-A78B-EA15E73D4755}.LIB Release - LIB mbedTLS|x86.ActiveCfg = Release|Win32
		{E3FCC667-3505-4635-A78B-EA15E73D4755}.LIB Release - LIB mbedTLS|x86.Build.0 = Release|Win32
		{E3FCC667-3505-4635-A78B-EA15E73D4755}.LIB Release - LIB OpenSSL - LIB LibSSH2|x64.ActiveCfg = Release|x64
		{E3FCC667-3505-4635-A78B-EA15E73D4755}.LIB Release - LIB OpenSSL - LIB LibSSH2|x64.Build.0 = Release|x64
		{E3FCC667-3505-4635-A78B-EA15E73D4755}.LIB Release - LIB OpenSSL - LIB LibSSH2|x64.Deploy.0 = Release|x64
		{E3FCC667-3505-4635-A78B-EA15E73D4755}.LIB Release - LIB OpenSSL - LIB LibSSH2|x86.ActiveCfg = Release|Win32
		{E3FCC667-3505-4635-A78B-EA15E73D4755}.LIB Release - LIB OpenSSL - LIB LibSSH2|x86.Build.0 = Release|Win32
		{E3FCC667-3505-4635-A78B-EA15E73D4755}.LIB Release - LIB OpenSSL - LIB LibSSH2|x86.Deploy.0 = Release|Win32
		{E3FCC667-3505-4635-A78B-EA15E73D4755}.LIB Release - LIB OpenSSL|x64.ActiveCfg = Release|x64
		{E3FCC667-3505-4635-A78B-EA15E73D4755}.LIB Release - LIB OpenSSL|x64.Build.0 = Release|x64
		{E3FCC667-3505-4635-A78B-EA15E73D4755}.LIB Release - LIB OpenSSL|x64.Deploy.0 = Release|x64
		{E3FCC667-3505-4635-A78B-EA15E73D4755}.LIB Release - LIB OpenSSL|x86.ActiveCfg = Release|Win32
		{E3FCC667-3505-4635-A78B-EA15E73D4755}.LIB Release - LIB OpenSSL|x86.Build.0 = Release|Win32
		{E3FCC667-3505-4635-A78B-EA15E73D4755}.LIB Release - LIB OpenSSL|x86.Deploy.0 = Release|Win32
		{E3FCC667-3505-4635-A78B-EA15E73D4755}.LIB Release|x64.ActiveCfg = Release|x64
		{E3FCC667-3505-4635-A78B-EA15E73D4755}.LIB Release|x64.Build.0 = Release|x64
		{E3FCC667-3505-4635-A78B-EA15E73D4755}.LIB Release|x64.Deploy.0 = Release|x64
		{E3FCC667-3505-4635-A78B-EA15E73D4755}.LIB Release|x86.ActiveCfg = Release|Win32
		{E3FCC667-3505-4635-A78B-EA15E73D4755}.LIB Release|x86.Build.0 = Release|Win32
		{E3FCC667-3505-4635-A78B-EA15E73D4755}.LIB Release|x86.Deploy.0 = Release|Win32
		{E3FCC667-3505-4635-A78B-EA15E73D4755}.Release|x64.ActiveCfg = Release|x64
		{E3FCC667-3505-4635-A78B-EA15E73D4755}.Release|x64.Build.0 = Release|x64
		{E3FCC667-3505-4635-A78B-EA15E73D4755}.Release|x86.ActiveCfg = Release|Win32
		{E3FCC667-3505-4635-A78B-EA15E73D4755}.Release|x86.Build.0 = Release|Win32
		{E7BFC6A3-98B0-4103-A3BA-DE08105F2DB3}.Debug|x64.ActiveCfg = Debug|x64
		{E7BFC6A3-98B0-4103-A3BA-DE08105F2DB3}.Debug|x64.Build.0 = Debug|x64
		{E7BFC6A3-98B0-4103-A3BA-DE08105F2DB3}.Debug|x86.ActiveCfg = Debug|Win32
		{E7BFC6A3-98B0-4103-A3BA-DE08105F2DB3}.Debug|x86.Build.0 = Debug|Win32
		{E7BFC6A3-98B0-4103-A3BA-DE08105F2DB3}.LIB Debug - LIB mbedTLS|x64.ActiveCfg = Debug|x64
		{E7BFC6A3-98B0-4103-A3BA-DE08105F2DB3}.LIB Debug - LIB mbedTLS|x64.Build.0 = Debug|x64
		{E7BFC6A3-98B0-4103-A3BA-DE08105F2DB3}.LIB Debug - LIB mbedTLS|x86.ActiveCfg = Debug|Win32
		{E7BFC6A3-98B0-4103-A3BA-DE08105F2DB3}.LIB Debug - LIB mbedTLS|x86.Build.0 = Debug|Win32
		{E7BFC6A3-98B0-4103-A3BA-DE08105F2DB3}.LIB Debug - LIB OpenSSL - LIB LibSSH2|x64.ActiveCfg = Debug|x64
		{E7BFC6A3-98B0-4103-A3BA-DE08105F2DB3}.LIB Debug - LIB OpenSSL - LIB LibSSH2|x64.Build.0 = Debug|x64
		{E7BFC6A3-98B0-4103-A3BA-DE08105F2DB3}.LIB Debug - LIB OpenSSL - LIB LibSSH2|x64.Deploy.0 = Debug|x64
		{E7BFC6A3-98B0-4103-A3BA-DE08105F2DB3}.LIB Debug - LIB OpenSSL - LIB LibSSH2|x86.ActiveCfg = Debug|Win32
		{E7BFC6A3-98B0-4103-A3BA-DE08105F2DB3}.LIB Debug - LIB OpenSSL - LIB LibSSH2|x86.Build.0 = Debug|Win32
		{E7BFC6A3-98B0-4103-A3BA-DE08105F2DB3}.LIB Debug - LIB OpenSSL - LIB LibSSH2|x86.Deploy.0 = Debug|Win32
		{E7BFC6A3-98B0-4103-A3BA-DE08105F2DB3}.LIB Debug - LIB OpenSSL|x64.ActiveCfg = Debug|x64
		{E7BFC6A3-98B0-4103-A3BA-DE08105F2DB3}.LIB Debug - LIB OpenSSL|x64.Build.0 = Debug|x64
		{E7BFC6A3-98B0-4103-A3BA-DE08105F2DB3}.LIB Debug - LIB OpenSSL|x64.Deploy.0 = Debug|x64
		{E7BFC6A3-98B0-4103-A3BA-DE08105F2DB3}.LIB Debug - LIB OpenSSL|x86.ActiveCfg = Debug|Win32
		{E7BFC6A3-98B0-4103-A3BA-DE08105F2DB3}.LIB Debug - LIB OpenSSL|x86.Build.0 = Debug|Win32
		{E7BFC6A3-98B0-4103-A3BA-DE08105F2DB3}.LIB Debug - LIB OpenSSL|x86.Deploy.0 = Debug|Win32
		{E7BFC6A3-98B0-4103-A3BA-DE08105F2DB3}.LIB Debug|x64.ActiveCfg = Debug|x64
		{E7BFC6A3-98B0-4103-A3BA-DE08105F2DB3}.LIB Debug|x64.Build.0 = Debug|x64
		{E7BFC6A3-98B0-4103-A3BA-DE08105F2DB3}.LIB Debug|x64.Deploy.0 = Debug|x64
		{E7BFC6A3-98B0-4103-A3BA-DE08105F2DB3}.LIB Debug|x86.ActiveCfg = Debug|Win32
		{E7BFC6A3-98B0-4103-A3BA-DE08105F2DB3}.LIB Debug|x86.Build.0 = Debug|Win32
		{E7BFC6A3-98B0-4103-A3BA-DE08105F2DB3}.LIB Debug|x86.Deploy.0 = Debug|Win32
		{E7BFC6A3-98B0-4103-A3BA-DE08105F2DB3}.LIB Release - LIB mbedTLS|x64.ActiveCfg = Release|x64
		{E7BFC6A3-98B0-4103-A3BA-DE08105F2DB3}.LIB Release - LIB mbedTLS|x64.Build.0 = Release|x64
		{E7BFC6A3-98B0-4103-A3BA-DE08105F2DB3}.LIB Release - LIB mbedTLS|x86.ActiveCfg = Release|Win32
		{E7BFC6A3-98B0-4103-A3BA-DE08105F2DB3}.LIB Release - LIB mbedTLS|x86.Build.0 = Release|Win32
		{E7BFC6A3-98B0-4103-A3BA-DE08105F2DB3}.LIB Release - LIB OpenSSL - LIB LibSSH2|x64.ActiveCfg = Release|x64
		{E7BFC6A3-98B0-4103-A3BA-DE08105F2DB3}.LIB Release - LIB OpenSSL - LIB LibSSH2|x64.Build.0 = Release|x64
		{E7BFC6A3-98B0-4103-A3BA-DE08105F2DB3}.LIB Release - LIB OpenSSL - LIB LibSSH2|x64.Deploy.0 = Release|x64
		{E7BFC6A3-98B0-4103-A3BA-DE08105F2DB3}.LIB Release - LIB OpenSSL - LIB LibSSH2|x86.ActiveCfg = Release|Win32
		{E7BFC6A3-98B0-4103-A3BA-DE08105F2DB3}.LIB Release - LIB OpenSSL - LIB LibSSH2|x86.Build.0 = Release|Win32
		{E7BFC6A3-98B0-4103-A3BA-DE08105F2DB3}.LIB Release - LIB OpenSSL - LIB LibSSH2|x86.Deploy.0 = Release|Win32
		{E7BFC6A3-98B0-4103-A3BA-DE08105F2DB3}.LIB Release - LIB OpenSSL|x64.ActiveCfg = Release|x64
		{E7BFC6A3-98B0-4103-A3BA-DE08105F2DB3}.LIB Release - LIB OpenSSL|x64.Build.0 = Release|x64
		{E7BFC6A3-98B0-4103-A3BA-DE08105F2DB3}.LIB Release - LIB OpenSSL|x64.Deploy.0 = Release|x64
		{E7BFC6A3-98B0-4103-A3BA-DE08105F2DB3}.LIB Release - LIB OpenSSL|x86.ActiveCfg = Release|Win32
		{E7BFC6A3-98B0-4103-A3BA-DE08105F2DB3}.LIB Release - LIB OpenSSL|x86.Build.0 = Release|Win32
		{E7BFC6A3-98B0-4103-A3BA-DE08105F2DB3}.LIB Release - LIB OpenSSL|x86.Deploy.0 = Release|Win32
		{E7BFC6A3-98B0-4103-A3BA-DE08105F2DB3}.LIB Release|x64.ActiveCfg = Release|x64
		{E7BFC6A3-98B0-4103-A3BA-DE08105F2DB3}.LIB Release|x64.Build.0 = Release|x64
		{E7BFC6A3-98B0-4103-A3BA-DE08105F2DB3}.LIB Release|x64.Deploy.0 = Release|x64
		{E7BFC6A3-98B0-4103-A3BA-DE08105F2DB3}.LIB Release|x86.ActiveCfg = Release|Win32
		{E7BFC6A3-98B0-4103-A3BA-DE08105F2DB3}.LIB Release|x86.Build.0 = Release|Win32
		{E7BFC6A3-98B0-4103-A3BA-DE08105F2DB3}.LIB Release|x86.Deploy.0 = Release|Win32
		{E7BFC6A3-98B0-4103-A3BA-DE08105F2DB3}.Release|x64.ActiveCfg = Release|x64
		{E7BFC6A3-98B0-4103-A3BA-DE08105F2DB3}.Release|x64.Build.0 = Release|x64
		{E7BFC6A3-98B0-4103-A3BA-DE08105F2DB3}.Release|x86.ActiveCfg = Release|Win32
		{E7BFC6A3-98B0-4103-A3BA-DE08105F2DB3}.Release|x86.Build.0 = Release|Win32
		{0E86FFB0-57E1-4A9E-A12D-8A07CA1C5708}.Debug|x64.ActiveCfg = Debug|x64
		{0E86FFB0-57E1-4A9E-A12D-8A07CA1C5708}.Debug|x64.Build.0 = Debug|x64
		{0E86FFB0-57E1-4A9E-A12D-8A07CA1C5708}.Debug|x86.ActiveCfg = Debug|Win32
		{0E86FFB0-57E1-4A9E-A12D-8A07CA1C5708}.Debug|x86.Build.0 = Debug|Win32
		{0E86FFB0-57E1-4A9E-A12D-8A07CA1C5708}.LIB Debug - LIB mbedTLS|x64.ActiveCfg = Debug|x64
		{0E86FFB0-57E1-4A9E-A12D-8A07CA1C5708}.LIB Debug - LIB mbedTLS|x64.Build.0 = Debug|x64
		{0E86FFB0-57E1-4A9E-A12D-8A07CA1C5708}.LIB Debug - LIB mbedTLS|x86.ActiveCfg = Debug|Win32
		{0E86FFB0-57E1-4A9E-A12D-8A07CA1C5708}.LIB Debug - LIB mbedTLS|x86.Build.0 = Debug|Win32
		{0E86FFB0-57E1-4A9E-A12D-8A07CA1C5708}.LIB Debug - LIB OpenSSL - LIB LibSSH2|x64.ActiveCfg = Debug|x64
		{0E86FFB0-57E1-4A9E-A12D-8A07CA1C5708}.LIB Debug - LIB OpenSSL - LIB LibSSH2|x64.Build.0 = Debug|x64
		{0E86FFB0-57E1-4A9E-A12D-8A07CA1C5708}.LIB Debug - LIB OpenSSL - LIB LibSSH2|x64.Deploy.0 = Debug|x64
		{0E86FFB0-57E1-4A9E-A12D-8A07CA1C5708}.LIB Debug - LIB OpenSSL - LIB LibSSH2|x86.ActiveCfg = Debug|Win32
		{0E86FFB0-57E1-4A9E-A12D-8A07CA1C5708}.LIB Debug - LIB OpenSSL - LIB LibSSH2|x86.Build.0 = Debug|Win32
		{0E86FFB0-57E1-4A9E-A12D-8A07CA1C5708}.LIB Debug - LIB OpenSSL - LIB LibSSH2|x86.Deploy.0 = Debug|Win32
		{0E86FFB0-57E1-4A9E-A12D-8A07CA1C5708}.LIB Debug - LIB OpenSSL|x64.ActiveCfg = Debug|x64
		{0E86FFB0-57E1-4A9E-A12D-8A07CA1C5708}.LIB Debug - LIB OpenSSL|x64.Build.0 = Debug|x64
		{0E86FFB0-57E1-4A9E-A12D-8A07CA1C5708}.LIB Debug - LIB OpenSSL|x64.Deploy.0 = Debug|x64
		{0E86FFB0-57E1-4A9E-A12D-8A07CA1C5708}.LIB Debug - LIB OpenSSL|x86.ActiveCfg = Debug|Win32
		{0E86FFB0-57E1-4A9E-A12D-8A07CA1C5708}.LIB Debug - LIB OpenSSL|x86.Build.0 = Debug|Win32
		{0E86FFB0-57E1-4A9E-A12D-8A07CA1C5708}.LIB Debug - LIB OpenSSL|x86.Deploy.0 = Debug|Win32
		{0E86FFB0-57E1-4A9E-A12D-8A07CA1C5708}.LIB Debug|x64.ActiveCfg = Debug|x64
		{0E86FFB0-57E1-4A9E-A12D-8A07CA1C5708}.LIB Debug|x64.Build.0 = Debug|x64
		{0E86FFB0-57E1-4A9E-A12D-8A07CA1C5708}.LIB Debug|x64.Deploy.0 = Debug|x64
		{0E86FFB0-57E1-4A9E-A12D-8A07CA1C5708}.LIB Debug|x86.ActiveCfg = Debug|Win32
		{0E86FFB0-57E1-4A9E-A12D-8A07CA1C5708}.LIB Debug|x86.Build.0 = Debug|Win32
		{0E86FFB0-57E1-4A9E-A12D-8A07CA1C5708}.LIB Debug|x86.Deploy.0 = Debug|Win32
		{0E86FFB0-57E1-4A9E-A12D-8A07CA1C5708}.LIB Release - LIB mbedTLS|x64.ActiveCfg = Release|x64
		{0E86FFB0-57E1-4A9E-A12D-8A07CA1C5708}.LIB Release - LIB mbedTLS|x64.Build.0 = Release|x64
		{0E86FFB0-57E1-4A9E-A12D-8A07CA1C5708}.LIB Release - LIB mbedTLS|x86.ActiveCfg = Release|Win32
		{0E86FFB0-57E1-4A9E-A12D-8A07CA1C5708}.LIB Release - LIB mbedTLS|x86.Build.0 = Release|Win32
		{0E86FFB0-57E1-4A9E-A12D-8A07CA1C5708}.LIB Release - LIB OpenSSL - LIB LibSSH2|x64.ActiveCfg = Release|x64
		{0E86FFB0-57E1-4A9E-A12D-8A07CA1C5708}.LIB Release - LIB OpenSSL - LIB LibSSH2|x64.Build.0 = Release|x64
		{0E86FFB0-57E1-4A9E-A12D-8A07CA1C5708}.LIB Release - LIB OpenSSL - LIB LibSSH2|x64.Deploy.0 = Release|x64
		{0E86FFB0-57E1-4A9E-A12D-8A07CA1C5708}.LIB Release - LIB OpenSSL - LIB LibSSH2|x86.ActiveCfg = Release|Win32
		{0E86FFB0-57E1-4A9E-A12D-8A07CA1C5708}.LIB Release - LIB OpenSSL - LIB LibSSH2|x86.Build.0 = Release|Win32
		{0E86FFB0-57E1-4A9E-A12D-8A07CA1C5708}.LIB Release - LIB OpenSSL - LIB LibSSH2|x86.Deploy.0 = Release|Win32
		{0E86FFB0-57E1-4A9E-A12D-8A07CA1C5708}.LIB Release - LIB OpenSSL|x64.ActiveCfg = Release|x64
		{0E86FFB0-57E1-4A9E-A12D-8A07CA1C5708}.LIB Release - LIB OpenSSL|x64.Build.0 = Release|x64
		{0E86FFB0-57E1-4A9E-A12D-8A07CA1C5708}.LIB Release - LIB OpenSSL|x64.Deploy.0 = Release|x64
		{0E86FFB0-57E1-4A9E-A12D-8A07CA1C5708}.LIB Release - LIB OpenSSL|x86.ActiveCfg = Release|Win32
		{0E86FFB0-57E1-4A9E-A12D-8A07CA1C5708}.LIB Release - LIB OpenSSL|x86.Build.0 = Release|Win32
		{0E86FFB0-57E1-4A9E-A12D-8A07CA1C5708}.LIB Release - LIB OpenSSL|x86.Deploy.0 = Release|Win32
		{0E86FFB0-57E1-4A9E-A12D-8A07CA1C5708}.LIB Release|x64.ActiveCfg = Release|x64
		{0E86FFB0-57E1-4A9E-A12D-8A07CA1C5708}.LIB Release|x64.Build.0 = Release|x64
		{0E86FFB0-57E1-4A9E-A12D-8A07CA1C5708}.LIB Release|x64.Deploy.0 = Release|x64
		{0E86FFB0-57E1-4A9E-A12D-8A07CA1C5708}.LIB Release|x86.ActiveCfg = Release|Win32
		{0E86FFB0-57E1-4A9E-A12D-8A07CA1C5708}.LIB Release|x86.Build.0 = Release|Win32
		{0E86FFB0-57E1-4A9E-A12D-8A07CA1C5708}.LIB Release|x86.Deploy.0 = Release|Win32
		{0E86FFB0-57E1-4A9E-A12D-8A07CA1C5708}.Release|x64.ActiveCfg = Release|x64
		{0E86FFB0-57E1-4A9E-A12D-8A07CA1C5708}.Release|x64.Build.0 = Release|x64
		{0E86FFB0-57E1-4A9E-A12D-8A07CA1C5708}.Release|x86.ActiveCfg = Release|Win32
		{0E86FFB0-57E1-4A9E-A12D-8A07CA1C5708}.Release|x86.Build.0 = Release|Win32
		{22622606-5D5B-499C-8F3D-BAD302A10950}.Debug|x64.ActiveCfg = Debug|x64
		{22622606-5D5B-499C-8F3D-BAD302A10950}.Debug|x64.Build.0 = Debug|x64
		{22622606-5D5B-499C-8F3D-BAD302A10950}.Debug|x86.ActiveCfg = Debug|Win32
		{22622606-5D5B-499C-8F3D-BAD302A10950}.Debug|x86.Build.0 = Debug|Win32
		{22622606-5D5B-499C-8F3D-BAD302A10950}.LIB Debug - LIB mbedTLS|x64.ActiveCfg = Debug|x64
		{22622606-5D5B-499C-8F3D-BAD302A10950}.LIB Debug - LIB mbedTLS|x64.Build.0 = Debug|x64
		{22622606-5D5B-499C-8F3D-BAD302A10950}.LIB Debug - LIB mbedTLS|x64.Deploy.0 = Debug|x64
		{22622606-5D5B-499C-8F3D-BAD302A10950}.LIB Debug - LIB mbedTLS|x86.ActiveCfg = Debug|Win32
		{22622606-5D5B-499C-8F3D-BAD302A10950}.LIB Debug - LIB mbedTLS|x86.Build.0 = Debug|Win32
		{22622606-5D5B-499C-8F3D-BAD302A10950}.LIB Debug - LIB mbedTLS|x86.Deploy.0 = Debug|Win32
		{22622606-5D5B-499C-8F3D-BAD302A10950}.LIB Debug - LIB OpenSSL - LIB LibSSH2|x64.ActiveCfg = Debug|x64
		{22622606-5D5B-499C-8F3D-BAD302A10950}.LIB Debug - LIB OpenSSL - LIB LibSSH2|x64.Build.0 = Debug|x64
		{22622606-5D5B-499C-8F3D-BAD302A10950}.LIB Debug - LIB OpenSSL - LIB LibSSH2|x64.Deploy.0 = Debug|x64
		{22622606-5D5B-499C-8F3D-BAD302A10950}.LIB Debug - LIB OpenSSL - LIB LibSSH2|x86.ActiveCfg = Debug|Win32
		{22622606-5D5B-499C-8F3D-BAD302A10950}.LIB Debug - LIB OpenSSL - LIB LibSSH2|x86.Build.0 = Debug|Win32
		{22622606-5D5B-499C-8F3D-BAD302A10950}.LIB Debug - LIB OpenSSL - LIB LibSSH2|x86.Deploy.0 = Debug|Win32
		{22622606-5D5B-499C-8F3D-BAD302A10950}.LIB Debug - LIB OpenSSL|x64.ActiveCfg = Debug|x64
		{22622606-5D5B-499C-8F3D-BAD302A10950}.LIB Debug - LIB OpenSSL|x64.Build.0 = Debug|x64
		{22622606-5D5B-499C-8F3D-BAD302A10950}.LIB Debug - LIB OpenSSL|x64.Deploy.0 = Debug|x64
		{22622606-5D5B-499C-8F3D-BAD302A10950}.LIB Debug - LIB OpenSSL|x86.ActiveCfg = Debug|Win32
		{22622606-5D5B-499C-8F3D-BAD302A10950}.LIB Debug - LIB OpenSSL|x86.Build.0 = Debug|Win32
		{22622606-5D5B-499C-8F3D-BAD302A10950}.LIB Debug - LIB OpenSSL|x86.Deploy.0 = Debug|Win32
		{22622606-5D5B-499C-8F3D-BAD302A10950}.LIB Debug|x64.ActiveCfg = Debug|x64
		{22622606-5D5B-499C-8F3D-BAD302A10950}.LIB Debug|x64.Build.0 = Debug|x64
		{22622606-5D5B-499C-8F3D-BAD302A10950}.LIB Debug|x64.Deploy.0 = Debug|x64
		{22622606-5D5B-499C-8F3D-BAD302A10950}.LIB Debug|x86.ActiveCfg = Debug|Win32
		{22622606-5D5B-499C-8F3D-BAD302A10950}.LIB Debug|x86.Build.0 = Debug|Win32
		{22622606-5D5B-499C-8F3D-BAD302A10950}.LIB Debug|x86.Deploy.0 = Debug|Win32
		{22622606-5D5B-499C-8F3D-BAD302A10950}.LIB Release - LIB mbedTLS|x64.ActiveCfg = Release|x64
		{22622606-5D5B-499C-8F3D-BAD302A10950}.LIB Release - LIB mbedTLS|x64.Build.0 = Release|x64
		{22622606-5D5B-499C-8F3D-BAD302A10950}.LIB Release - LIB mbedTLS|x64.Deploy.0 = Release|x64
		{22622606-5D5B-499C-8F3D-BAD302A10950}.LIB Release - LIB mbedTLS|x86.ActiveCfg = Release|Win32
		{22622606-5D5B-499C-8F3D-BAD302A10950}.LIB Release - LIB mbedTLS|x86.Build.0 = Release|Win32
		{22622606-5D5B-499C-8F3D-BAD302A10950}.LIB Release - LIB mbedTLS|x86.Deploy.0 = Release|Win32
		{22622606-5D5B-499C-8F3D-BAD302A10950}.LIB Release - LIB OpenSSL - LIB LibSSH2|x64.ActiveCfg = Release|x64
		{22622606-5D5B-499C-8F3D-BAD302A10950}.LIB Release - LIB OpenSSL - LIB LibSSH2|x64.Build.0 = Release|x64
		{22622606-5D5B-499C-8F3D-BAD302A10950}.LIB Release - LIB OpenSSL - LIB LibSSH2|x64.Deploy.0 = Release|x64
		{22622606-5D5B-499C-8F3D-BAD302A10950}.LIB Release - LIB OpenSSL - LIB LibSSH2|x86.ActiveCfg = Release|Win32
		{22622606-5D5B-499C-8F3D-BAD302A10950}.LIB Release - LIB OpenSSL - LIB LibSSH2|x86.Build.0 = Release|Win32
		{22622606-5D5B-499C-8F3D-BAD302A10950}.LIB Release - LIB OpenSSL - LIB LibSSH2|x86.Deploy.0 = Release|Win32
		{22622606-5D5B-499C-8F3D-BAD302A10950}.LIB Release - LIB OpenSSL|x64.ActiveCfg = Release|x64
		{22622606-5D5B-499C-8F3D-BAD302A10950}.LIB Release - LIB OpenSSL|x64.Build.0 = Release|x64
		{22622606-5D5B-499C-8F3D-BAD302A10950}.LIB Release - LIB OpenSSL|x64.Deploy.0 = Release|x64
		{22622606-5D5B-499C-8F3D-BAD302A10950}.LIB Release - LIB OpenSSL|x86.ActiveCfg = Release|Win32
		{22622606-5D5B-499C-8F3D-BAD302A10950}.LIB Release - LIB OpenSSL|x86.Build.0 = Release|Win32
		{22622606-5D5B-499C-8F3D-BAD302A10950}.LIB Release - LIB OpenSSL|x86.Deploy.0 = Release|Win32
		{22622606-5D5B-499C-8F3D-BAD302A10950}.LIB Release|x64.ActiveCfg = Release|x64
		{22622606-5D5B-499C-8F3D-BAD302A10950}.LIB Release|x64.Build.0 = Release|x64
		{22622606-5D5B-499C-8F3D-BAD302A10950}.LIB Release|x64.Deploy.0 = Release|x64
		{22622606-5D5B-499C-8F3D-BAD302A10950}.LIB Release|x86.ActiveCfg = Release|Win32
		{22622606-5D5B-499C-8F3D-BAD302A10950}.LIB Release|x86.Build.0 = Release|Win32
		{22622606-5D5B-499C-8F3D-BAD302A10950}.LIB Release|x86.Deploy.0 = Release|Win32
		{22622606-5D5B-499C-8F3D-BAD302A10950}.Release|x64.ActiveCfg = Release|x64
		{22622606-5D5B-499C-8F3D-BAD302A10950}.Release|x64.Build.0 = Release|x64
		{22622606-5D5B-499C-8F3D-BAD302A10950}.Release|x86.ActiveCfg = Release|Win32
		{22622606-5D5B-499C-8F3D-BAD302A10950}.Release|x86.Build.0 = Release|Win32
		{DA6F56B4-06A4-441D-AD70-AC5A7D51FADB}.Debug|x64.ActiveCfg = LIB Debug - LIB mbedTLS|x64
		{DA6F56B4-06A4-441D-AD70-AC5A7D51FADB}.Debug|x64.Build.0 = LIB Debug - LIB mbedTLS|x64
		{DA6F56B4-06A4-441D-AD70-AC5A7D51FADB}.Debug|x86.ActiveCfg = LIB Debug - LIB mbedTLS|Win32
		{DA6F56B4-06A4-441D-AD70-AC5A7D51FADB}.Debug|x86.Build.0 = LIB Debug - LIB mbedTLS|Win32
		{DA6F56B4-06A4-441D-AD70-AC5A7D51FADB}.LIB Debug - LIB mbedTLS|x64.ActiveCfg = LIB Debug - LIB mbedTLS|x64
		{DA6F56B4-06A4-441D-AD70-AC5A7D51FADB}.LIB Debug - LIB mbedTLS|x64.Build.0 = LIB Debug - LIB mbedTLS|x64
		{DA6F56B4-06A4-441D-AD70-AC5A7D51FADB}.LIB Debug - LIB mbedTLS|x86.ActiveCfg = LIB Debug - LIB mbedTLS|Win32
		{DA6F56B4-06A4-441D-AD70-AC5A7D51FADB}.LIB Debug - LIB mbedTLS|x86.Build.0 = LIB Debug - LIB mbedTLS|Win32
		{DA6F56B4-06A4-441D-AD70-AC5A7D51FADB}.LIB Debug - LIB OpenSSL - LIB LibSSH2|x64.ActiveCfg = LIB Debug - LIB OpenSSL - LIB LibSSH2|x64
		{DA6F56B4-06A4-441D-AD70-AC5A7D51FADB}.LIB Debug - LIB OpenSSL - LIB LibSSH2|x64.Build.0 = LIB Debug - LIB OpenSSL - LIB LibSSH2|x64
		{DA6F56B4-06A4-441D-AD70-AC5A7D51FADB}.LIB Debug - LIB OpenSSL - LIB LibSSH2|x86.ActiveCfg = LIB Debug - LIB OpenSSL - LIB LibSSH2|Win32
		{DA6F56B4-06A4-441D-AD70-AC5A7D51FADB}.LIB Debug - LIB OpenSSL - LIB LibSSH2|x86.Build.0 = LIB Debug - LIB OpenSSL - LIB LibSSH2|Win32
		{DA6F56B4-06A4-441D-AD70-AC5A7D51FADB}.LIB Debug - LIB OpenSSL|x64.ActiveCfg = LIB Debug - LIB OpenSSL|x64
		{DA6F56B4-06A4-441D-AD70-AC5A7D51FADB}.LIB Debug - LIB OpenSSL|x64.Build.0 = LIB Debug - LIB OpenSSL|x64
		{DA6F56B4-06A4-441D-AD70-AC5A7D51FADB}.LIB Debug - LIB OpenSSL|x86.ActiveCfg = LIB Debug - LIB OpenSSL|Win32
		{DA6F56B4-06A4-441D-AD70-AC5A7D51FADB}.LIB Debug - LIB OpenSSL|x86.Build.0 = LIB Debug - LIB OpenSSL|Win32
		{DA6F56B4-06A4-441D-AD70-AC5A7D51FADB}.LIB Debug|x64.ActiveCfg = LIB Debug|x64
		{DA6F56B4-06A4-441D-AD70-AC5A7D51FADB}.LIB Debug|x64.Build.0 = LIB Debug|x64
		{DA6F56B4-06A4-441D-AD70-AC5A7D51FADB}.LIB Debug|x86.ActiveCfg = LIB Debug|Win32
		{DA6F56B4-06A4-441D-AD70-AC5A7D51FADB}.LIB Debug|x86.Build.0 = LIB Debug|Win32
		{DA6F56B4-06A4-441D-AD70-AC5A7D51FADB}.LIB Release - LIB mbedTLS|x64.ActiveCfg = LIB Release - LIB mbedTLS|x64
		{DA6F56B4-06A4-441D-AD70-AC5A7D51FADB}.LIB Release - LIB mbedTLS|x64.Build.0 = LIB Release - LIB mbedTLS|x64
		{DA6F56B4-06A4-441D-AD70-AC5A7D51FADB}.LIB Release - LIB mbedTLS|x86.ActiveCfg = LIB Release - LIB mbedTLS|Win32
		{DA6F56B4-06A4-441D-AD70-AC5A7D51FADB}.LIB Release - LIB mbedTLS|x86.Build.0 = LIB Release - LIB mbedTLS|Win32
		{DA6F56B4-06A4-441D-AD70-AC5A7D51FADB}.LIB Release - LIB OpenSSL - LIB LibSSH2|x64.ActiveCfg = LIB Release - LIB OpenSSL - LIB LibSSH2|x64
		{DA6F56B4-06A4-441D-AD70-AC5A7D51FADB}.LIB Release - LIB OpenSSL - LIB LibSSH2|x64.Build.0 = LIB Release - LIB OpenSSL - LIB LibSSH2|x64
		{DA6F56B4-06A4-441D-AD70-AC5A7D51FADB}.LIB Release - LIB OpenSSL - LIB LibSSH2|x86.ActiveCfg = LIB Release - LIB OpenSSL - LIB LibSSH2|Win32
		{DA6F56B4-06A4-441D-AD70-AC5A7D51FADB}.LIB Release - LIB OpenSSL - LIB LibSSH2|x86.Build.0 = LIB Release - LIB OpenSSL - LIB LibSSH2|Win32
		{DA6F56B4-06A4-441D-AD70-AC5A7D51FADB}.LIB Release - LIB OpenSSL|x64.ActiveCfg = LIB Release - LIB OpenSSL|x64
		{DA6F56B4-06A4-441D-AD70-AC5A7D51FADB}.LIB Release - LIB OpenSSL|x64.Build.0 = LIB Release - LIB OpenSSL|x64
		{DA6F56B4-06A4-441D-AD70-AC5A7D51FADB}.LIB Release - LIB OpenSSL|x86.ActiveCfg = LIB Release - LIB OpenSSL|Win32
		{DA6F56B4-06A4-441D-AD70-AC5A7D51FADB}.LIB Release - LIB OpenSSL|x86.Build.0 = LIB Release - LIB OpenSSL|Win32
		{DA6F56B4-06A4-441D-AD70-AC5A7D51FADB}.LIB Release|x64.ActiveCfg = LIB Release|x64
		{DA6F56B4-06A4-441D-AD70-AC5A7D51FADB}.LIB Release|x64.Build.0 = LIB Release|x64
		{DA6F56B4-06A4-441D-AD70-AC5A7D51FADB}.LIB Release|x86.ActiveCfg = LIB Release|Win32
		{DA6F56B4-06A4-441D-AD70-AC5A7D51FADB}.LIB Release|x86.Build.0 = LIB Release|Win32
		{DA6F56B4-06A4-441D-AD70-AC5A7D51FADB}.Release|x64.ActiveCfg = LIB Release - LIB mbedTLS|x64
		{DA6F56B4-06A4-441D-AD70-AC5A7D51FADB}.Release|x64.Build.0 = LIB Release - LIB mbedTLS|x64
		{DA6F56B4-06A4-441D-AD70-AC5A7D51FADB}.Release|x86.ActiveCfg = LIB Release - LIB mbedTLS|Win32
		{DA6F56B4-06A4-441D-AD70-AC5A7D51FADB}.Release|x86.Build.0 = LIB Release - LIB mbedTLS|Win32
		{46CF2D25-6A36-4189-B59C-E4815388E554}.Debug|x64.ActiveCfg = Debug|x64
		{46CF2D25-6A36-4189-B59C-E4815388E554}.Debug|x64.Build.0 = Debug|x64
		{46CF2D25-6A36-4189-B59C-E4815388E554}.Debug|x86.ActiveCfg = Debug|Win32
		{46CF2D25-6A36-4189-B59C-E4815388E554}.Debug|x86.Build.0 = Debug|Win32
		{46CF2D25-6A36-4189-B59C-E4815388E554}.LIB Debug - LIB mbedTLS|x64.ActiveCfg = Debug|x64
		{46CF2D25-6A36-4189-B59C-E4815388E554}.LIB Debug - LIB mbedTLS|x64.Build.0 = Debug|x64
		{46CF2D25-6A36-4189-B59C-E4815388E554}.LIB Debug - LIB mbedTLS|x86.ActiveCfg = Debug|Win32
		{46CF2D25-6A36-4189-B59C-E4815388E554}.LIB Debug - LIB mbedTLS|x86.Build.0 = Debug|Win32
		{46CF2D25-6A36-4189-B59C-E4815388E554}.LIB Debug - LIB OpenSSL - LIB LibSSH2|x64.ActiveCfg = Debug|x64
		{46CF2D25-6A36-4189-B59C-E4815388E554}.LIB Debug - LIB OpenSSL - LIB LibSSH2|x64.Build.0 = Debug|x64
		{46CF2D25-6A36-4189-B59C-E4815388E554}.LIB Debug - LIB OpenSSL - LIB LibSSH2|x86.ActiveCfg = Debug|Win32
		{46CF2D25-6A36-4189-B59C-E4815388E554}.LIB Debug - LIB OpenSSL - LIB LibSSH2|x86.Build.0 = Debug|Win32
		{46CF2D25-6A36-4189-B59C-E4815388E554}.LIB Debug - LIB OpenSSL|x64.ActiveCfg = Debug|x64
		{46CF2D25-6A36-4189-B59C-E4815388E554}.LIB Debug - LIB OpenSSL|x64.Build.0 = Debug|x64
		{46CF2D25-6A36-4189-B59C-E4815388E554}.LIB Debug - LIB OpenSSL|x86.ActiveCfg = Debug|Win32
		{46CF2D25-6A36-4189-B59C-E4815388E554}.LIB Debug - LIB OpenSSL|x86.Build.0 = Debug|Win32
		{46CF2D25-6A36-4189-B59C-E4815388E554}.LIB Debug|x64.ActiveCfg = Debug|x64
		{46CF2D25-6A36-4189-B59C-E4815388E554}.LIB Debug|x64.Build.0 = Debug|x64
		{46CF2D25-6A36-4189-B59C-E4815388E554}.LIB Debug|x86.ActiveCfg = Debug|Win32
		{46CF2D25-6A36-4189-B59C-E4815388E554}.LIB Debug|x86.Build.0 = Debug|Win32
		{46CF2D25-6A36-4189-B59C-E4815388E554}.LIB Release - LIB mbedTLS|x64.ActiveCfg = Release|x64
		{46CF2D25-6A36-4189-B59C-E4815388E554}.LIB Release - LIB mbedTLS|x64.Build.0 = Release|x64
		{46CF2D25-6A36-4189-B59C-E4815388E554}.LIB Release - LIB mbedTLS|x86.ActiveCfg = Release|Win32
		{46CF2D25-6A36-4189-B59C-E4815388E554}.LIB Release - LIB mbedTLS|x86.Build.0 = Release|Win32
		{46CF2D25-6A36-4189-B59C-E4815388E554}.LIB Release - LIB OpenSSL - LIB LibSSH2|x64.ActiveCfg = Release|x64
		{46CF2D25-6A36-4189-B59C-E4815388E554}.LIB Release - LIB OpenSSL - LIB LibSSH2|x64.Build.0 = Release|x64
		{46CF2D25-6A36-4189-B59C-E4815388E554}.LIB Release - LIB OpenSSL - LIB LibSSH2|x86.ActiveCfg = Release|Win32
		{46CF2D25-6A36-4189-B59C-E4815388E554}.LIB Release - LIB OpenSSL - LIB LibSSH2|x86.Build.0 = Release|Win32
		{46CF2D25-6A36-4189-B59C-E4815388E554}.LIB Release - LIB OpenSSL|x64.ActiveCfg = Release|x64
		{46CF2D25-6A36-4189-B59C-E4815388E554}.LIB Release - LIB OpenSSL|x64.Build.0 = Release|x64
		{46CF2D25-6A36-4189-B59C-E4815388E554}.LIB Release - LIB OpenSSL|x86.ActiveCfg = Release|Win32
		{46CF2D25-6A36-4189-B59C-E4815388E554}.LIB Release - LIB OpenSSL|x86.Build.0 = Release|Win32
		{46CF2D25-6A36-4189-B59C-E4815388E554}.LIB Release|x64.ActiveCfg = Release|x64
		{46CF2D25-6A36-4189-B59C-E4815388E554}.LIB Release|x64.Build.0 = Release|x64
		{46CF2D25-6A36-4189-B59C-E4815388E554}.LIB Release|x86.ActiveCfg = Release|Win32
		{46CF2D25-6A36-4189-B59C-E4815388E554}.LIB Release|x86.Build.0 = Release|Win32
		{46CF2D25-6A36-4189-B59C-E4815388E554}.Release|x64.ActiveCfg = Release|x64
		{46CF2D25-6A36-4189-B59C-E4815388E554}.Release|x64.Build.0 = Release|x64
		{46CF2D25-6A36-4189-B59C-E4815388E554}.Release|x86.ActiveCfg = Release|Win32
		{46CF2D25-6A36-4189-B59C-E4815388E554}.Release|x86.Build.0 = Release|Win32
		{AF9021E1-2FF3-4032-8027-04EE666A8C33}.Debug|x64.ActiveCfg = Debug|x64
		{AF9021E1-2FF3-4032-8027-04EE666A8C33}.Debug|x64.Build.0 = Debug|x64
		{AF9021E1-2FF3-4032-8027-04EE666A8C33}.Debug|x86.ActiveCfg = Debug|Win32
		{AF9021E1-2FF3-4032-8027-04EE666A8C33}.Debug|x86.Build.0 = Debug|Win32
		{AF9021E1-2FF3-4032-8027-04EE666A8C33}.LIB Debug - LIB mbedTLS|x64.ActiveCfg = Debug|x64
		{AF9021E1-2FF3-4032-8027-04EE666A8C33}.LIB Debug - LIB mbedTLS|x64.Build.0 = Debug|x64
		{AF9021E1-2FF3-4032-8027-04EE666A8C33}.LIB Debug - LIB mbedTLS|x86.ActiveCfg = Debug|Win32
		{AF9021E1-2FF3-4032-8027-04EE666A8C33}.LIB Debug - LIB mbedTLS|x86.Build.0 = Debug|Win32
		{AF9021E1-2FF3-4032-8027-04EE666A8C33}.LIB Debug - LIB OpenSSL - LIB LibSSH2|x64.ActiveCfg = Debug|x64
		{AF9021E1-2FF3-4032-8027-04EE666A8C33}.LIB Debug - LIB OpenSSL - LIB LibSSH2|x64.Build.0 = Debug|x64
		{AF9021E1-2FF3-4032-8027-04EE666A8C33}.LIB Debug - LIB OpenSSL - LIB LibSSH2|x86.ActiveCfg = Debug|Win32
		{AF9021E1-2FF3-4032-8027-04EE666A8C33}.LIB Debug - LIB OpenSSL - LIB LibSSH2|x86.Build.0 = Debug|Win32
		{AF9021E1-2FF3-4032-8027-04EE666A8C33}.LIB Debug - LIB OpenSSL|x64.ActiveCfg = Debug|x64
		{AF9021E1-2FF3-4032-8027-04EE666A8C33}.LIB Debug - LIB OpenSSL|x64.Build.0 = Debug|x64
		{AF9021E1-2FF3-4032-8027-04EE666A8C33}.LIB Debug - LIB OpenSSL|x86.ActiveCfg = Debug|Win32
		{AF9021E1-2FF3-4032-8027-04EE666A8C33}.LIB Debug - LIB OpenSSL|x86.Build.0 = Debug|Win32
		{AF9021E1-2FF3-4032-8027-04EE666A8C33}.LIB Debug|x64.ActiveCfg = Debug|x64
		{AF9021E1-2FF3-4032-8027-04EE666A8C33}.LIB Debug|x64.Build.0 = Debug|x64
		{AF9021E1-2FF3-4032-8027-04EE666A8C33}.LIB Debug|x86.ActiveCfg = Debug|Win32
		{AF9021E1-2FF3-4032-8027-04EE666A8C33}.LIB Debug|x86.Build.0 = Debug|Win32
		{AF9021E1-2FF3-4032-8027-04EE666A8C33}.LIB Release - LIB mbedTLS|x64.ActiveCfg = Release|x64
		{AF9021E1-2FF3-4032-8027-04EE666A8C33}.LIB Release - LIB mbedTLS|x64.Build.0 = Release|x64
		{AF9021E1-2FF3-4032-8027-04EE666A8C33}.LIB Release - LIB mbedTLS|x86.ActiveCfg = Release|Win32
		{AF9021E1-2FF3-4032-8027-04EE666A8C33}.LIB Release - LIB mbedTLS|x86.Build.0 = Release|Win32
		{AF9021E1-2FF3-4032-8027-04EE666A8C33}.LIB Release - LIB OpenSSL - LIB LibSSH2|x64.ActiveCfg = Release|x64
		{AF9021E1-2FF3-4032-8027-04EE666A8C33}.LIB Release - LIB OpenSSL - LIB LibSSH2|x64.Build.0 = Release|x64
		{AF9021E1-2FF3-4032-8027-04EE666A8C33}.LIB Release - LIB OpenSSL - LIB LibSSH2|x86.ActiveCfg = Release|Win32
		{AF9021E1-2FF3-4032-8027-04EE666A8C33}.LIB Release - LIB OpenSSL - LIB LibSSH2|x86.Build.0 = Release|Win32
		{AF9021E1-2FF3-4032-8027-04EE666A8C33}.LIB Release - LIB OpenSSL|x64.ActiveCfg = Release|x64
		{AF9021E1-2FF3-4032-8027-04EE666A8C33}.LIB Release - LIB OpenSSL|x64.Build.0 = Release|x64
		{AF9021E1-2FF3-4032-8027-04EE666A8C33}.LIB Release - LIB OpenSSL|x86.ActiveCfg = Release|Win32
		{AF9021E1-2FF3-4032-8027-04EE666A8C33}.LIB Release - LIB OpenSSL|x86.Build.0 = Release|Win32
		{AF9021E1-2FF3-4032-8027-04EE666A8C33}.LIB Release|x64.ActiveCfg = Release|x64
		{AF9021E1-2FF3-4032-8027-04EE666A8C33}.LIB Release|x64.Build.0 = Release|x64
		{AF9021E1-2FF3-4032-8027-04EE666A8C33}.LIB Release|x86.ActiveCfg = Release|Win32
		{AF9021E1-2FF3-4032-8027-04EE666A8C33}.LIB Release|x86.Build.0 = Release|Win32
		{AF9021E1-2FF3-4032-8027-04EE666A8C33}.Release|x64.ActiveCfg = Release|x64
		{AF9021E1-2FF3-4032-8027-04EE666A8C33}.Release|x64.Build.0 = Release|x64
		{AF9021E1-2FF3-4032-8027-04EE666A8C33}.Release|x86.ActiveCfg = Release|Win32
		{AF9021E1-2FF3-4032-8027-04EE666A8C33}.Release|x86.Build.0 = Release|Win32
		{54761A10-7565-4CF4-934C-8AE984255207}.Debug|x64.ActiveCfg = Debug|x64
		{54761A10-7565-4CF4-934C-8AE984255207}.Debug|x64.Build.0 = Debug|x64
		{54761A10-7565-4CF4-934C-8AE984255207}.Debug|x86.ActiveCfg = Debug|Win32
		{54761A10-7565-4CF4-934C-8AE984255207}.Debug|x86.Build.0 = Debug|Win32
		{54761A10-7565-4CF4-934C-8AE984255207}.LIB Debug - LIB mbedTLS|x64.ActiveCfg = Debug|x64
		{54761A10-7565-4CF4-934C-8AE984255207}.LIB Debug - LIB mbedTLS|x64.Build.0 = Debug|x64
		{54761A10-7565-4CF4-934C-8AE984255207}.LIB Debug - LIB mbedTLS|x86.ActiveCfg = Debug|Win32
		{54761A10-7565-4CF4-934C-8AE984255207}.LIB Debug - LIB mbedTLS|x86.Build.0 = Debug|Win32
		{54761A10-7565-4CF4-934C-8AE984255207}.LIB Debug - LIB OpenSSL - LIB LibSSH2|x64.ActiveCfg = Debug|x64
		{54761A10-7565-4CF4-934C-8AE984255207}.LIB Debug - LIB OpenSSL - LIB LibSSH2|x64.Build.0 = Debug|x64
		{54761A10-7565-4CF4-934C-8AE984255207}.LIB Debug - LIB OpenSSL - LIB LibSSH2|x86.ActiveCfg = Debug|Win32
		{54761A10-7565-4CF4-934C-8AE984255207}.LIB Debug - LIB OpenSSL - LIB LibSSH2|x86.Build.0 = Debug|Win32
		{54761A10-7565-4CF4-934C-8AE984255207}.LIB Debug - LIB OpenSSL|x64.ActiveCfg = Debug|x64
		{54761A10-7565-4CF4-934C-8AE984255207}.LIB Debug - LIB OpenSSL|x64.Build.0 = Debug|x64
		{54761A10-7565-4CF4-934C-8AE984255207}.LIB Debug - LIB OpenSSL|x86.ActiveCfg = Debug|Win32
		{54761A10-7565-4CF4-934C-8AE984255207}.LIB Debug - LIB OpenSSL|x86.Build.0 = Debug|Win32
		{54761A10-7565-4CF4-934C-8AE984255207}.LIB Debug|x64.ActiveCfg = Debug|x64
		{54761A10-7565-4CF4-934C-8AE984255207}.LIB Debug|x64.Build.0 = Debug|x64
		{54761A10-7565-4CF4-934C-8AE984255207}.LIB Debug|x86.ActiveCfg = Debug|Win32
		{54761A10-7565-4CF4-934C-8AE984255207}.LIB Debug|x86.Build.0 = Debug|Win32
		{54761A10-7565-4CF4-934C-8AE984255207}.LIB Release - LIB mbedTLS|x64.ActiveCfg = Release|x64
		{54761A10-7565-4CF4-934C-8AE984255207}.LIB Release - LIB mbedTLS|x64.Build.0 = Release|x64
		{54761A10-7565-4CF4-934C-8AE984255207}.LIB Release - LIB mbedTLS|x86.ActiveCfg = Release|Win32
		{54761A10-7565-4CF4-934C-8AE984255207}.LIB Release - LIB mbedTLS|x86.Build.0 = Release|Win32
		{54761A10-7565-4CF4-934C-8AE984255207}.LIB Release - LIB OpenSSL - LIB LibSSH2|x64.ActiveCfg = Release|x64
		{54761A10-7565-4CF4-934C-8AE984255207}.LIB Release - LIB OpenSSL - LIB LibSSH2|x64.Build.0 = Release|x64
		{54761A10-7565-4CF4-934C-8AE984255207}.LIB Release - LIB OpenSSL - LIB LibSSH2|x86.ActiveCfg = Release|Win32
		{54761A10-7565-4CF4-934C-8AE984255207}.LIB Release - LIB OpenSSL - LIB LibSSH2|x86.Build.0 = Release|Win32
		{54761A10-7565-4CF4-934C-8AE984255207}.LIB Release - LIB OpenSSL|x64.ActiveCfg = Release|x64
		{54761A10-7565-4CF4-934C-8AE984255207}.LIB Release - LIB OpenSSL|x64.Build.0 = Release|x64
		{54761A10-7565-4CF4-934C-8AE984255207}.LIB Release - LIB OpenSSL|x86.ActiveCfg = Release|Win32
		{54761A10-7565-4CF4-934C-8AE984255207}.LIB Release - LIB OpenSSL|x86.Build.0 = Release|Win32
		{54761A10-7565-4CF4-934C-8AE984255207}.LIB Release|x64.ActiveCfg = Release|x64
		{54761A10-7565-4CF4-934C-8AE984255207}.LIB Release|x64.Build.0 = Release|x64
		{54761A10-7565-4CF4-934C-8AE984255207}.LIB Release|x86.ActiveCfg = Release|Win32
		{54761A10-7565-4CF4-934C-8AE984255207}.LIB Release|x86.Build.0 = Release|Win32
		{54761A10-7565-4CF4-934C-8AE984255207}.Release|x64.ActiveCfg = Release|x64
		{54761A10-7565-4CF4-934C-8AE984255207}.Release|x64.Build.0 = Release|x64
		{54761A10-7565-4CF4-934C-8AE984255207}.Release|x86.ActiveCfg = Release|Win32
		{54761A10-7565-4CF4-934C-8AE984255207}.Release|x86.Build.0 = Release|Win32
		{4FA70435-9F72-4164-9D93-C352B624E19F}.Debug|x64.ActiveCfg = Debug|x64
		{4FA70435-9F72-4164-9D93-C352B624E19F}.Debug|x64.Build.0 = Debug|x64
		{4FA70435-9F72-4164-9D93-C352B624E19F}.Debug|x86.ActiveCfg = Debug|Win32
		{4FA70435-9F72-4164-9D93-C352B624E19F}.Debug|x86.Build.0 = Debug|Win32
		{4FA70435-9F72-4164-9D93-C352B624E19F}.LIB Debug - LIB mbedTLS|x64.ActiveCfg = Debug|x64
		{4FA70435-9F72-4164-9D93-C352B624E19F}.LIB Debug - LIB mbedTLS|x64.Build.0 = Debug|x64
		{4FA70435-9F72-4164-9D93-C352B624E19F}.LIB Debug - LIB mbedTLS|x86.ActiveCfg = Debug|Win32
		{4FA70435-9F72-4164-9D93-C352B624E19F}.LIB Debug - LIB mbedTLS|x86.Build.0 = Debug|Win32
		{4FA70435-9F72-4164-9D93-C352B624E19F}.LIB Debug - LIB OpenSSL - LIB LibSSH2|x64.ActiveCfg = Debug|x64
		{4FA70435-9F72-4164-9D93-C352B624E19F}.LIB Debug - LIB OpenSSL - LIB LibSSH2|x64.Build.0 = Debug|x64
		{4FA70435-9F72-4164-9D93-C352B624E19F}.LIB Debug - LIB OpenSSL - LIB LibSSH2|x86.ActiveCfg = Debug|Win32
		{4FA70435-9F72-4164-9D93-C352B624E19F}.LIB Debug - LIB OpenSSL - LIB LibSSH2|x86.Build.0 = Debug|Win32
		{4FA70435-9F72-4164-9D93-C352B624E19F}.LIB Debug - LIB OpenSSL|x64.ActiveCfg = Debug|x64
		{4FA70435-9F72-4164-9D93-C352B624E19F}.LIB Debug - LIB OpenSSL|x64.Build.0 = Debug|x64
		{4FA70435-9F72-4164-9D93-C352B624E19F}.LIB Debug - LIB OpenSSL|x86.ActiveCfg = Debug|Win32
		{4FA70435-9F72-4164-9D93-C352B624E19F}.LIB Debug - LIB OpenSSL|x86.Build.0 = Debug|Win32
		{4FA70435-9F72-4164-9D93-C352B624E19F}.LIB Debug|x64.ActiveCfg = Debug|x64
		{4FA70435-9F72-4164-9D93-C352B624E19F}.LIB Debug|x64.Build.0 = Debug|x64
		{4FA70435-9F72-4164-9D93-C352B624E19F}.LIB Debug|x86.ActiveCfg = Debug|Win32
		{4FA70435-9F72-4164-9D93-C352B624E19F}.LIB Debug|x86.Build.0 = Debug|Win32
		{4FA70435-9F72-4164-9D93-C352B624E19F}.LIB Release - LIB mbedTLS|x64.ActiveCfg = Release|x64
		{4FA70435-9F72-4164-9D93-C352B624E19F}.LIB Release - LIB mbedTLS|x64.Build.0 = Release|x64
		{4FA70435-9F72-4164-9D93-C352B624E19F}.LIB Release - LIB mbedTLS|x86.ActiveCfg = Release|Win32
		{4FA70435-9F72-4164-9D93-C352B624E19F}.LIB Release - LIB mbedTLS|x86.Build.0 = Release|Win32
		{4FA70435-9F72-4164-9D93-C352B624E19F}.LIB Release - LIB OpenSSL - LIB LibSSH2|x64.ActiveCfg = Release|x64
		{4FA70435-9F72-4164-9D93-C352B624E19F}.LIB Release - LIB OpenSSL - LIB LibSSH2|x64.Build.0 = Release|x64
		{4FA70435-9F72-4164-9D93-C352B624E19F}.LIB Release - LIB OpenSSL - LIB LibSSH2|x86.ActiveCfg = Release|Win32
		{4FA70435-9F72-4164-9D93-C352B624E19F}.LIB Release - LIB OpenSSL - LIB LibSSH2|x86.Build.0 = Release|Win32
		{4FA70435-9F72-4164-9D93-C352B624E19F}.LIB Release - LIB OpenSSL|x64.ActiveCfg = Release|x64
		{4FA70435-9F72-4164-9D93-C352B624E19F}.LIB Release - LIB OpenSSL|x64.Build.0 = Release|x64
		{4FA70435-9F72-4164-9D93-C352B624E19F}.LIB Release - LIB OpenSSL|x86.ActiveCfg = Release|Win32
		{4FA70435-9F72-4164-9D93-C352B624E19F}.LIB Release - LIB OpenSSL|x86.Build.0 = Release|Win32
		{4FA70435-9F72-4164-9D93-C352B624E19F}.LIB Release|x64.ActiveCfg = Release|x64
		{4FA70435-9F72-4164-9D93-C352B624E19F}.LIB Release|x64.Build.0 = Release|x64
		{4FA70435-9F72-4164-9D93-C352B624E19F}.LIB Release|x86.ActiveCfg = Release|Win32
		{4FA70435-9F72-4164-9D93-C352B624E19F}.LIB Release|x86.Build.0 = Release|Win32
		{4FA70435-9F72-4164-9D93-C352B624E19F}.Release|x64.ActiveCfg = Release|x64
		{4FA70435-9F72-4164-9D93-C352B624E19F}.Release|x64.Build.0 = Release|x64
		{4FA70435-9F72-4164-9D93-C352B624E19F}.Release|x86.ActiveCfg = Release|Win32
		{4FA70435-9F72-4164-9D93-C352B624E19F}.Release|x86.Build.0 = Release|Win32
		{0EEC3739-F60A-4B90-8B75-9E1AFF28106A}.Debug|x64.ActiveCfg = Debug|x64
		{0EEC3739-F60A-4B90-8B75-9E1AFF28106A}.Debug|x64.Build.0 = Debug|x64
		{0EEC3739-F60A-4B90-8B75-9E1AFF28106A}.Debug|x86.ActiveCfg = Debug|Win32
		{0EEC3739-F60A-4B90-8B75-9E1AFF28106A}.Debug|x86.Build.0 = Debug|Win32
		{0EEC3739-F60A-4B90-8B75-9E1AFF28106A}.LIB Debug - LIB mbedTLS|x64.ActiveCfg = Debug|x64
		{0EEC3739-F60A-4B90-8B75-9E1AFF28106A}.LIB Debug - LIB mbedTLS|x64.Build.0 = Debug|x64
		{0EEC3739-F60A-4B90-8B75-9E1AFF28106A}.LIB Debug - LIB mbedTLS|x86.ActiveCfg = Debug|Win32
		{0EEC3739-F60A-4B90-8B75-9E1AFF28106A}.LIB Debug - LIB mbedTLS|x86.Build.0 = Debug|Win32
		{0EEC3739-F60A-4B90-8B75-9E1AFF28106A}.LIB Debug - LIB OpenSSL - LIB LibSSH2|x64.ActiveCfg = Debug|x64
		{0EEC3739-F60A-4B90-8B75-9E1AFF28106A}.LIB Debug - LIB OpenSSL - LIB LibSSH2|x64.Build.0 = Debug|x64
		{0EEC3739-F60A-4B90-8B75-9E1AFF28106A}.LIB Debug - LIB OpenSSL - LIB LibSSH2|x86.ActiveCfg = Debug|Win32
		{0EEC3739-F60A-4B90-8B75-9E1AFF28106A}.LIB Debug - LIB OpenSSL - LIB LibSSH2|x86.Build.0 = Debug|Win32
		{0EEC3739-F60A-4B90-8B75-9E1AFF28106A}.LIB Debug - LIB OpenSSL|x64.ActiveCfg = Debug|x64
		{0EEC3739-F60A-4B90-8B75-9E1AFF28106A}.LIB Debug - LIB OpenSSL|x64.Build.0 = Debug|x64
		{0EEC3739-F60A-4B90-8B75-9E1AFF28106A}.LIB Debug - LIB OpenSSL|x86.ActiveCfg = Debug|Win32
		{0EEC3739-F60A-4B90-8B75-9E1AFF28106A}.LIB Debug - LIB OpenSSL|x86.Build.0 = Debug|Win32
		{0EEC3739-F60A-4B90-8B75-9E1AFF28106A}.LIB Debug|x64.ActiveCfg = Debug|x64
		{0EEC3739-F60A-4B90-8B75-9E1AFF28106A}.LIB Debug|x64.Build.0 = Debug|x64
		{0EEC3739-F60A-4B90-8B75-9E1AFF28106A}.LIB Debug|x86.ActiveCfg = Debug|Win32
		{0EEC3739-F60A-4B90-8B75-9E1AFF28106A}.LIB Debug|x86.Build.0 = Debug|Win32
		{0EEC3739-F60A-4B90-8B75-9E1AFF28106A}.LIB Release - LIB mbedTLS|x64.ActiveCfg = Release|x64
		{0EEC3739-F60A-4B90-8B75-9E1AFF28106A}.LIB Release - LIB mbedTLS|x64.Build.0 = Release|x64
		{0EEC3739-F60A-4B90-8B75-9E1AFF28106A}.LIB Release - LIB mbedTLS|x86.ActiveCfg = Release|Win32
		{0EEC3739-F60A-4B90-8B75-9E1AFF28106A}.LIB Release - LIB mbedTLS|x86.Build.0 = Release|Win32
		{0EEC3739-F60A-4B90-8B75-9E1AFF28106A}.LIB Release - LIB OpenSSL - LIB LibSSH2|x64.ActiveCfg = Release|x64
		{0EEC3739-F60A-4B90-8B75-9E1AFF28106A}.LIB Release - LIB OpenSSL - LIB LibSSH2|x64.Build.0 = Release|x64
		{0EEC3739-F60A-4B90-8B75-9E1AFF28106A}.LIB Release - LIB OpenSSL - LIB LibSSH2|x86.ActiveCfg = Release|Win32
		{0EEC3739-F60A-4B90-8B75-9E1AFF28106A}.LIB Release - LIB OpenSSL - LIB LibSSH2|x86.Build.0 = Release|Win32
		{0EEC3739-F60A-4B90-8B75-9E1AFF28106A}.LIB Release - LIB OpenSSL|x64.ActiveCfg = Release|x64
		{0EEC3739-F60A-4B90-8B75-9E1AFF28106A}.LIB Release - LIB OpenSSL|x64.Build.0 = Release|x64
		{0EEC3739-F60A-4B90-8B75-9E1AFF28106A}.LIB Release - LIB OpenSSL|x86.ActiveCfg = Release|Win32
		{0EEC3739-F60A-4B90-8B75-9E1AFF28106A}.LIB Release - LIB OpenSSL|x86.Build.0 = Release|Win32
		{0EEC3739-F60A-4B90-8B75-9E1AFF28106A}.LIB Release|x64.ActiveCfg = Release|x64
		{0EEC3739-F60A-4B90-8B75-9E1AFF28106A}.LIB Release|x64.Build.0 = Release|x64
		{0EEC3739-F60A-4B90-8B75-9E1AFF28106A}.LIB Release|x86.ActiveCfg = Release|Win32
		{0EEC3739-F60A-4B90-8B75-9E1AFF28106A}.LIB Release|x86.Build.0 = Release|Win32
		{0EEC3739-F60A-4B90-8B75-9E1AFF28106A}.Release|x64.ActiveCfg = Release|x64
		{0EEC3739-F60A-4B90-8B75-9E1AFF28106A}.Release|x64.Build.0 = Release|x64
		{0EEC3739-F60A-4B90-8B75-9E1AFF28106A}.Release|x86.ActiveCfg = Release|Win32
		{0EEC3739-F60A-4B90-8B75-9E1AFF28106A}.Release|x86.Build.0 = Release|Win32
		{9D9B3D5A-F6F3-4AAE-918F-80E5062EE802}.Debug|x64.ActiveCfg = Debug|x64
		{9D9B3D5A-F6F3-4AAE-918F-80E5062EE802}.Debug|x64.Build.0 = Debug|x64
		{9D9B3D5A-F6F3-4AAE-918F-80E5062EE802}.Debug|x86.ActiveCfg = Debug|Win32
		{9D9B3D5A-F6F3-4AAE-918F-80E5062EE802}.Debug|x86.Build.0 = Debug|Win32
		{9D9B3D5A-F6F3-4AAE-918F-80E5062EE802}.LIB Debug - LIB mbedTLS|x64.ActiveCfg = Debug|x64
		{9D9B3D5A-F6F3-4AAE-918F-80E5062EE802}.LIB Debug - LIB mbedTLS|x64.Build.0 = Debug|x64
		{9D9B3D5A-F6F3-4AAE-918F-80E5062EE802}.LIB Debug - LIB mbedTLS|x86.ActiveCfg = Debug|Win32
		{9D9B3D5A-F6F3-4AAE-918F-80E5062EE802}.LIB Debug - LIB mbedTLS|x86.Build.0 = Debug|Win32
		{9D9B3D5A-F6F3-4AAE-918F-80E5062EE802}.LIB Debug - LIB OpenSSL - LIB LibSSH2|x64.ActiveCfg = Debug|x64
		{9D9B3D5A-F6F3-4AAE-918F-80E5062EE802}.LIB Debug - LIB OpenSSL - LIB LibSSH2|x64.Build.0 = Debug|x64
		{9D9B3D5A-F6F3-4AAE-918F-80E5062EE802}.LIB Debug - LIB OpenSSL - LIB LibSSH2|x86.ActiveCfg = Debug|Win32
		{9D9B3D5A-F6F3-4AAE-918F-80E5062EE802}.LIB Debug - LIB OpenSSL - LIB LibSSH2|x86.Build.0 = Debug|Win32
		{9D9B3D5A-F6F3-4AAE-918F-80E5062EE802}.LIB Debug - LIB OpenSSL|x64.ActiveCfg = Debug|x64
		{9D9B3D5A-F6F3-4AAE-918F-80E5062EE802}.LIB Debug - LIB OpenSSL|x64.Build.0 = Debug|x64
		{9D9B3D5A-F6F3-4AAE-918F-80E5062EE802}.LIB Debug - LIB OpenSSL|x86.ActiveCfg = Debug|Win32
		{9D9B3D5A-F6F3-4AAE-918F-80E5062EE802}.LIB Debug - LIB OpenSSL|x86.Build.0 = Debug|Win32
		{9D9B3D5A-F6F3-4AAE-918F-80E5062EE802}.LIB Debug|x64.ActiveCfg = Debug|x64
		{9D9B3D5A-F6F3-4AAE-918F-80E5062EE802}.LIB Debug|x64.Build.0 = Debug|x64
		{9D9B3D5A-F6F3-4AAE-918F-80E5062EE802}.LIB Debug|x86.ActiveCfg = Debug|Win32
		{9D9B3D5A-F6F3-4AAE-918F-80E5062EE802}.LIB Debug|x86.Build.0 = Debug|Win32
		{9D9B3D5A-F6F3-4AAE-918F-80E5062EE802}.LIB Release - LIB mbedTLS|x64.ActiveCfg = Release|x64
		{9D9B3D5A-F6F3-4AAE-918F-80E5062EE802}.LIB Release - LIB mbedTLS|x64.Build.0 = Release|x64
		{9D9B3D5A-F6F3-4AAE-918F-80E5062EE802}.LIB Release - LIB mbedTLS|x86.ActiveCfg = Release|Win32
		{9D9B3D5A-F6F3-4AAE-918F-80E5062EE802}.LIB Release - LIB mbedTLS|x86.Build.0 = Release|Win32
		{9D9B3D5A-F6F3-4AAE-918F-80E5062EE802}.LIB Release - LIB OpenSSL - LIB LibSSH2|x64.ActiveCfg = Release|x64
		{9D9B3D5A-F6F3-4AAE-918F-80E5062EE802}.LIB Release - LIB OpenSSL - LIB LibSSH2|x64.Build.0 = Release|x64
		{9D9B3D5A-F6F3-4AAE-918F-80E5062EE802}.LIB Release - LIB OpenSSL - LIB LibSSH2|x86.ActiveCfg = Release|Win32
		{9D9B3D5A-F6F3-4AAE-918F-80E5062EE802}.LIB Release - LIB OpenSSL - LIB LibSSH2|x86.Build.0 = Release|Win32
		{9D9B3D5A-F6F3-4AAE-918F-80E5062EE802}.LIB Release - LIB OpenSSL|x64.ActiveCfg = Release|x64
		{9D9B3D5A-F6F3-4AAE-918F-80E5062EE802}.LIB Release - LIB OpenSSL|x64.Build.0 = Release|x64
		{9D9B3D5A-F6F3-4AAE-918F-80E5062EE802}.LIB Release - LIB OpenSSL|x86.ActiveCfg = Release|Win32
		{9D9B3D5A-F6F3-4AAE-918F-80E5062EE802}.LIB Release - LIB OpenSSL|x86.Build.0 = Release|Win32
		{9D9B3D5A-F6F3-4AAE-918F-80E5062EE802}.LIB Release|x64.ActiveCfg = Release|x64
		{9D9B3D5A-F6F3-4AAE-918F-80E5062EE802}.LIB Release|x64.Build.0 = Release|x64
		{9D9B3D5A-F6F3-4AAE-918F-80E5062EE802}.LIB Release|x86.ActiveCfg = Release|Win32
		{9D9B3D5A-F6F3-4AAE-918F-80E5062EE802}.LIB Release|x86.Build.0 = Release|Win32
		{9D9B3D5A-F6F3-4AAE-918F-80E5062EE802}.Release|x64.ActiveCfg = Release|x64
		{9D9B3D5A-F6F3-4AAE-918F-80E5062EE802}.Release|x64.Build.0 = Release|x64
		{9D9B3D5A-F6F3-4AAE-918F-80E5062EE802}.Release|x86.ActiveCfg = Release|Win32
		{9D9B3D5A-F6F3-4AAE-918F-80E5062EE802}.Release|x86.Build.0 = Release|Win32
		{48C6E127-530C-4C02-9029-854A791AF816}.Debug|x64.ActiveCfg = Debug|x64
		{48C6E127-530C-4C02-9029-854A791AF816}.Debug|x64.Build.0 = Debug|x64
		{48C6E127-530C-4C02-9029-854A791AF816}.Debug|x86.ActiveCfg = Debug|Win32
		{48C6E127-530C-4C02-9029-854A791AF816}.Debug|x86.Build.0 = Debug|Win32
		{48C6E127-530C-4C02-9029-854A791AF816}.LIB Debug - LIB mbedTLS|x64.ActiveCfg = Debug|x64
		{48C6E127-530C-4C02-9029-854A791AF816}.LIB Debug - LIB mbedTLS|x64.Build.0 = Debug|x64
		{48C6E127-530C-4C02-9029-854A791AF816}.LIB Debug - LIB mbedTLS|x86.ActiveCfg = Debug|Win32
		{48C6E127-530C-4C02-9029-854A791AF816}.LIB Debug - LIB mbedTLS|x86.Build.0 = Debug|Win32
		{48C6E127-530C-4C02-9029-854A791AF816}.LIB Debug - LIB OpenSSL - LIB LibSSH2|x64.ActiveCfg = Debug|x64
		{48C6E127-530C-4C02-9029-854A791AF816}.LIB Debug - LIB OpenSSL - LIB LibSSH2|x64.Build.0 = Debug|x64
		{48C6E127-530C-4C02-9029-854A791AF816}.LIB Debug - LIB OpenSSL - LIB LibSSH2|x86.ActiveCfg = Debug|Win32
		{48C6E127-530C-4C02-9029-854A791AF816}.LIB Debug - LIB OpenSSL - LIB LibSSH2|x86.Build.0 = Debug|Win32
		{48C6E127-530C-4C02-9029-854A791AF816}.LIB Debug - LIB OpenSSL|x64.ActiveCfg = Debug|x64
		{48C6E127-530C-4C02-9029-854A791AF816}.LIB Debug - LIB OpenSSL|x64.Build.0 = Debug|x64
		{48C6E127-530C-4C02-9029-854A791AF816}.LIB Debug - LIB OpenSSL|x86.ActiveCfg = Debug|Win32
		{48C6E127-530C-4C02-9029-854A791AF816}.LIB Debug - LIB OpenSSL|x86.Build.0 = Debug|Win32
		{48C6E127-530C-4C02-9029-854A791AF816}.LIB Debug|x64.ActiveCfg = Debug|x64
		{48C6E127-530C-4C02-9029-854A791AF816}.LIB Debug|x64.Build.0 = Debug|x64
		{48C6E127-530C-4C02-9029-854A791AF816}.LIB Debug|x86.ActiveCfg = Debug|Win32
		{48C6E127-530C-4C02-9029-854A791AF816}.LIB Debug|x86.Build.0 = Debug|Win32
		{48C6E127-530C-4C02-9029-854A791AF816}.LIB Release - LIB mbedTLS|x64.ActiveCfg = Release|x64
		{48C6E127-530C-4C02-9029-854A791AF816}.LIB Release - LIB mbedTLS|x64.Build.0 = Release|x64
		{48C6E127-530C-4C02-9029-854A791AF816}.LIB Release - LIB mbedTLS|x86.ActiveCfg = Release|Win32
		{48C6E127-530C-4C02-9029-854A791AF816}.LIB Release - LIB mbedTLS|x86.Build.0 = Release|Win32
		{48C6E127-530C-4C02-9029-854A791AF816}.LIB Release - LIB OpenSSL - LIB LibSSH2|x64.ActiveCfg = Release|x64
		{48C6E127-530C-4C02-9029-854A791AF816}.LIB Release - LIB OpenSSL - LIB LibSSH2|x64.Build.0 = Release|x64
		{48C6E127-530C-4C02-9029-854A791AF816}.LIB Release - LIB OpenSSL - LIB LibSSH2|x86.ActiveCfg = Release|Win32
		{48C6E127-530C-4C02-9029-854A791AF816}.LIB Release - LIB OpenSSL - LIB LibSSH2|x86.Build.0 = Release|Win32
		{48C6E127-530C-4C02-9029-854A791AF816}.LIB Release - LIB OpenSSL|x64.ActiveCfg = Release|x64
		{48C6E127-530C-4C02-9029-854A791AF816}.LIB Release - LIB OpenSSL|x64.Build.0 = Release|x64
		{48C6E127-530C-4C02-9029-854A791AF816}.LIB Release - LIB OpenSSL|x86.ActiveCfg = Release|Win32
		{48C6E127-530C-4C02-9029-854A791AF816}.LIB Release - LIB OpenSSL|x86.Build.0 = Release|Win32
		{48C6E127-530C-4C02-9029-854A791AF816}.LIB Release|x64.ActiveCfg = Release|x64
		{48C6E127-530C-4C02-9029-854A791AF816}.LIB Release|x64.Build.0 = Release|x64
		{48C6E127-530C-4C02-9029-854A791AF816}.LIB Release|x86.ActiveCfg = Release|Win32
		{48C6E127-530C-4C02-9029-854A791AF816}.LIB Release|x86.Build.0 = Release|Win32
		{48C6E127-530C-4C02-9029-854A791AF816}.Release|x64.ActiveCfg = Release|x64
		{48C6E127-530C-4C02-9029-854A791AF816}.Release|x64.Build.0 = Release|x64
		{48C6E127-530C-4C02-9029-854A791AF816}.Release|x86.ActiveCfg = Release|Win32
		{48C6E127-530C-4C02-9029-854A791AF816}.Release|x86.Build.0 = Release|Win32
		{9734DA8A-5988-450F-8F51-6F1F6C7EDE2A}.Debug|x64.ActiveCfg = Debug|x64
		{9734DA8A-5988-450F-8F51-6F1F6C7EDE2A}.Debug|x64.Build.0 = Debug|x64
		{9734DA8A-5988-450F-8F51-6F1F6C7EDE2A}.Debug|x86.ActiveCfg = Debug|Win32
		{9734DA8A-5988-450F-8F51-6F1F6C7EDE2A}.Debug|x86.Build.0 = Debug|Win32
		{9734DA8A-5988-450F-8F51-6F1F6C7EDE2A}.LIB Debug - LIB mbedTLS|x64.ActiveCfg = Debug|x64
		{9734DA8A-5988-450F-8F51-6F1F6C7EDE2A}.LIB Debug - LIB mbedTLS|x64.Build.0 = Debug|x64
		{9734DA8A-5988-450F-8F51-6F1F6C7EDE2A}.LIB Debug - LIB mbedTLS|x86.ActiveCfg = Debug|Win32
		{9734DA8A-5988-450F-8F51-6F1F6C7EDE2A}.LIB Debug - LIB mbedTLS|x86.Build.0 = Debug|Win32
		{9734DA8A-5988-450F-8F51-6F1F6C7EDE2A}.LIB Debug - LIB OpenSSL - LIB LibSSH2|x64.ActiveCfg = Debug|x64
		{9734DA8A-5988-450F-8F51-6F1F6C7EDE2A}.LIB Debug - LIB OpenSSL - LIB LibSSH2|x64.Build.0 = Debug|x64
		{9734DA8A-5988-450F-8F51-6F1F6C7EDE2A}.LIB Debug - LIB OpenSSL - LIB LibSSH2|x86.ActiveCfg = Debug|Win32
		{9734DA8A-5988-450F-8F51-6F1F6C7EDE2A}.LIB Debug - LIB OpenSSL - LIB LibSSH2|x86.Build.0 = Debug|Win32
		{9734DA8A-5988-450F-8F51-6F1F6C7EDE2A}.LIB Debug - LIB OpenSSL|x64.ActiveCfg = Debug|x64
		{9734DA8A-5988-450F-8F51-6F1F6C7EDE2A}.LIB Debug - LIB OpenSSL|x64.Build.0 = Debug|x64
		{9734DA8A-5988-450F-8F51-6F1F6C7EDE2A}.LIB Debug - LIB OpenSSL|x86.ActiveCfg = Debug|Win32
		{9734DA8A-5988-450F-8F51-6F1F6C7EDE2A}.LIB Debug - LIB OpenSSL|x86.Build.0 = Debug|Win32
		{9734DA8A-5988-450F-8F51-6F1F6C7EDE2A}.LIB Debug|x64.ActiveCfg = Debug|x64
		{9734DA8A-5988-450F-8F51-6F1F6C7EDE2A}.LIB Debug|x64.Build.0 = Debug|x64
		{9734DA8A-5988-450F-8F51-6F1F6C7EDE2A}.LIB Debug|x86.ActiveCfg = Debug|Win32
		{9734DA8A-5988-450F-8F51-6F1F6C7EDE2A}.LIB Debug|x86.Build.0 = Debug|Win32
		{9734DA8A-5988-450F-8F51-6F1F6C7EDE2A}.LIB Release - LIB mbedTLS|x64.ActiveCfg = Release|x64
		{9734DA8A-5988-450F-8F51-6F1F6C7EDE2A}.LIB Release - LIB mbedTLS|x64.Build.0 = Release|x64
		{9734DA8A-5988-450F-8F51-6F1F6C7EDE2A}.LIB Release - LIB mbedTLS|x86.ActiveCfg = Release|Win32
		{9734DA8A-5988-450F-8F51-6F1F6C7EDE2A}.LIB Release - LIB mbedTLS|x86.Build.0 = Release|Win32
		{9734DA8A-5988-450F-8F51-6F1F6C7EDE2A}.LIB Release - LIB OpenSSL - LIB LibSSH2|x64.ActiveCfg = Release|x64
		{9734DA8A-5988-450F-8F51-6F1F6C7EDE2A}.LIB Release - LIB OpenSSL - LIB LibSSH2|x64.Build.0 = Release|x64
		{9734DA8A-5988-450F-8F51-6F1F6C7EDE2A}.LIB Release - LIB OpenSSL - LIB LibSSH2|x86.ActiveCfg = Release|Win32
		{9734DA8A-5988-450F-8F51-6F1F6C7EDE2A}.LIB Release - LIB OpenSSL - LIB LibSSH2|x86.Build.0 = Release|Win32
		{9734DA8A-5988-450F-8F51-6F1F6C7EDE2A}.LIB Release - LIB OpenSSL|x64.ActiveCfg = Release|x64
		{9734DA8A-5988-450F-8F51-6F1F6C7EDE2A}.LIB Release - LIB OpenSSL|x64.Build.0 = Release|x64
		{9734DA8A-5988-450F-8F51-6F1F6C7EDE2A}.LIB Release - LIB OpenSSL|x86.ActiveCfg = Release|Win32
		{9734DA8A-5988-450F-8F51-6F1F6C7EDE2A}.LIB Release - LIB OpenSSL|x86.Build.0 = Release|Win32
		{9734DA8A-5988-450F-8F51-6F1F6C7EDE2A}.LIB Release|x64.ActiveCfg = Release|x64
		{9734DA8A-5988-450F-8F51-6F1F6C7EDE2A}.LIB Release|x64.Build.0 = Release|x64
		{9734DA8A-5988-450F-8F51-6F1F6C7EDE2A}.LIB Release|x86.ActiveCfg = Release|Win32
		{9734DA8A-5988-450F-8F51-6F1F6C7EDE2A}.LIB Release|x86.Build.0 = Release|Win32
		{9734DA8A-5988-450F-8F51-6F1F6C7EDE2A}.Release|x64.ActiveCfg = Release|x64
		{9734DA8A-5988-450F-8F51-6F1F6C7EDE2A}.Release|x64.Build.0 = Release|x64
		{9734DA8A-5988-450F-8F51-6F1F6C7EDE2A}.Release|x86.ActiveCfg = Release|Win32
		{9734DA8A-5988-450F-8F51-6F1F6C7EDE2A}.Release|x86.Build.0 = Release|Win32
		{5B033BAA-E21A-4E31-8418-EC3224EE0D6A}.Debug|x64.ActiveCfg = Debug|x64
		{5B033BAA-E21A-4E31-8418-EC3224EE0D6A}.Debug|x64.Build.0 = Debug|x64
		{5B033BAA-E21A-4E31-8418-EC3224EE0D6A}.Debug|x86.ActiveCfg = Debug|Win32
		{5B033BAA-E21A-4E31-8418-EC3224EE0D6A}.Debug|x86.Build.0 = Debug|Win32
		{5B033BAA-E21A-4E31-8418-EC3224EE0D6A}.LIB Debug - LIB mbedTLS|x64.ActiveCfg = Debug|x64
		{5B033BAA-E21A-4E31-8418-EC3224EE0D6A}.LIB Debug - LIB mbedTLS|x64.Build.0 = Debug|x64
		{5B033BAA-E21A-4E31-8418-EC3224EE0D6A}.LIB Debug - LIB mbedTLS|x86.ActiveCfg = Debug|Win32
		{5B033BAA-E21A-4E31-8418-EC3224EE0D6A}.LIB Debug - LIB mbedTLS|x86.Build.0 = Debug|Win32
		{5B033BAA-E21A-4E31-8418-EC3224EE0D6A}.LIB Debug - LIB OpenSSL - LIB LibSSH2|x64.ActiveCfg = Debug|x64
		{5B033BAA-E21A-4E31-8418-EC3224EE0D6A}.LIB Debug - LIB OpenSSL - LIB LibSSH2|x64.Build.0 = Debug|x64
		{5B033BAA-E21A-4E31-8418-EC3224EE0D6A}.LIB Debug - LIB OpenSSL - LIB LibSSH2|x86.ActiveCfg = Debug|Win32
		{5B033BAA-E21A-4E31-8418-EC3224EE0D6A}.LIB Debug - LIB OpenSSL - LIB LibSSH2|x86.Build.0 = Debug|Win32
		{5B033BAA-E21A-4E31-8418-EC3224EE0D6A}.LIB Debug - LIB OpenSSL|x64.ActiveCfg = Debug|x64
		{5B033BAA-E21A-4E31-8418-EC3224EE0D6A}.LIB Debug - LIB OpenSSL|x64.Build.0 = Debug|x64
		{5B033BAA-E21A-4E31-8418-EC3224EE0D6A}.LIB Debug - LIB OpenSSL|x86.ActiveCfg = Debug|Win32
		{5B033BAA-E21A-4E31-8418-EC3224EE0D6A}.LIB Debug - LIB OpenSSL|x86.Build.0 = Debug|Win32
		{5B033BAA-E21A-4E31-8418-EC3224EE0D6A}.LIB Debug|x64.ActiveCfg = Debug|x64
		{5B033BAA-E21A-4E31-8418-EC3224EE0D6A}.LIB Debug|x64.Build.0 = Debug|x64
		{5B033BAA-E21A-4E31-8418-EC3224EE0D6A}.LIB Debug|x86.ActiveCfg = Debug|Win32
		{5B033BAA-E21A-4E31-8418-EC3224EE0D6A}.LIB Debug|x86.Build.0 = Debug|Win32
		{5B033BAA-E21A-4E31-8418-EC3224EE0D6A}.LIB Release - LIB mbedTLS|x64.ActiveCfg = Release|x64
		{5B033BAA-E21A-4E31-8418-EC3224EE0D6A}.LIB Release - LIB mbedTLS|x64.Build.0 = Release|x64
		{5B033BAA-E21A-4E31-8418-EC3224EE0D6A}.LIB Release - LIB mbedTLS|x86.ActiveCfg = Release|Win32
		{5B033BAA-E21A-4E31-8418-EC3224EE0D6A}.LIB Release - LIB mbedTLS|x86.Build.0 = Release|Win32
		{5B033BAA-E21A-4E31-8418-EC3224EE0D6A}.LIB Release - LIB OpenSSL - LIB LibSSH2|x64.ActiveCfg = Release|x64
		{5B033BAA-E21A-4E31-8418-EC3224EE0D6A}.LIB Release - LIB OpenSSL - LIB LibSSH2|x64.Build.0 = Release|x64
		{5B033BAA-E21A-4E31-8418-EC3224EE0D6A}.LIB Release - LIB OpenSSL - LIB LibSSH2|x86.ActiveCfg = Release|Win32
		{5B033BAA-E21A-4E31-8418-EC3224EE0D6A}.LIB Release - LIB OpenSSL - LIB LibSSH2|x86.Build.0 = Release|Win32
		{5B033BAA-E21A-4E31-8418-EC3224EE0D6A}.LIB Release - LIB OpenSSL|x64.ActiveCfg = Release|x64
		{5B033BAA-E21A-4E31-8418-EC3224EE0D6A}.LIB Release - LIB OpenSSL|x64.Build.0 = Release|x64
		{5B033BAA-E21A-4E31-8418-EC3224EE0D6A}.LIB Release - LIB OpenSSL|x86.ActiveCfg = Release|Win32
		{5B033BAA-E21A-4E31-8418-EC3224EE0D6A}.LIB Release - LIB OpenSSL|x86.Build.0 = Release|Win32
		{5B033BAA-E21A-4E31-8418-EC3224EE0D6A}.LIB Release|x64.ActiveCfg = Release|x64
		{5B033BAA-E21A-4E31-8418-EC3224EE0D6A}.LIB Release|x64.Build.0 = Release|x64
		{5B033BAA-E21A-4E31-8418-EC3224EE0D6A}.LIB Release|x86.ActiveCfg = Release|Win32
		{5B033BAA-E21A-4E31-8418-EC3224EE0D6A}.LIB Release|x86.Build.0 = Release|Win32
		{5B033BAA-E21A-4E31-8418-EC3224EE0D6A}.Release|x64.ActiveCfg = Release|x64
		{5B033BAA-E21A-4E31-8418-EC3224EE0D6A}.Release|x64.Build.0 = Release|x64
		{5B033BAA-E21A-4E31-8418-EC3224EE0D6A}.Release|x86.ActiveCfg = Release|Win32
		{5B033BAA-E21A-4E31-8418-EC3224EE0D6A}.Release|x86.Build.0 = Release|Win32
		{6FCEEDD0-C893-4C4E-B85A-10FBD1D36387}.Debug|x64.ActiveCfg = Debug|x64
		{6FCEEDD0-C893-4C4E-B85A-10FBD1D36387}.Debug|x64.Build.0 = Debug|x64
		{6FCEEDD0-C893-4C4E-B85A-10FBD1D36387}.Debug|x64.Deploy.0 = Debug|x64
		{6FCEEDD0-C893-4C4E-B85A-10FBD1D36387}.Debug|x86.ActiveCfg = Debug|Win32
		{6FCEEDD0-C893-4C4E-B85A-10FBD1D36387}.Debug|x86.Build.0 = Debug|Win32
		{6FCEEDD0-C893-4C4E-B85A-10FBD1D36387}.Debug|x86.Deploy.0 = Debug|Win32
		{6FCEEDD0-C893-4C4E-B85A-10FBD1D36387}.LIB Debug - LIB mbedTLS|x64.ActiveCfg = Debug|x64
		{6FCEEDD0-C893-4C4E-B85A-10FBD1D36387}.LIB Debug - LIB mbedTLS|x64.Build.0 = Debug|x64
		{6FCEEDD0-C893-4C4E-B85A-10FBD1D36387}.LIB Debug - LIB mbedTLS|x64.Deploy.0 = Debug|x64
		{6FCEEDD0-C893-4C4E-B85A-10FBD1D36387}.LIB Debug - LIB mbedTLS|x86.ActiveCfg = Debug|Win32
		{6FCEEDD0-C893-4C4E-B85A-10FBD1D36387}.LIB Debug - LIB mbedTLS|x86.Build.0 = Debug|Win32
		{6FCEEDD0-C893-4C4E-B85A-10FBD1D36387}.LIB Debug - LIB mbedTLS|x86.Deploy.0 = Debug|Win32
		{6FCEEDD0-C893-4C4E-B85A-10FBD1D36387}.LIB Debug - LIB OpenSSL - LIB LibSSH2|x64.ActiveCfg = Debug|x64
		{6FCEEDD0-C893-4C4E-B85A-10FBD1D36387}.LIB Debug - LIB OpenSSL - LIB LibSSH2|x64.Build.0 = Debug|x64
		{6FCEEDD0-C893-4C4E-B85A-10FBD1D36387}.LIB Debug - LIB OpenSSL - LIB LibSSH2|x64.Deploy.0 = Debug|x64
		{6FCEEDD0-C893-4C4E-B85A-10FBD1D36387}.LIB Debug - LIB OpenSSL - LIB LibSSH2|x86.ActiveCfg = Debug|Win32
		{6FCEEDD0-C893-4C4E-B85A-10FBD1D36387}.LIB Debug - LIB OpenSSL - LIB LibSSH2|x86.Build.0 = Debug|Win32
		{6FCEEDD0-C893-4C4E-B85A-10FBD1D36387}.LIB Debug - LIB OpenSSL - LIB LibSSH2|x86.Deploy.0 = Debug|Win32
		{6FCEEDD0-C893-4C4E-B85A-10FBD1D36387}.LIB Debug - LIB OpenSSL|x64.ActiveCfg = Debug|x64
		{6FCEEDD0-C893-4C4E-B85A-10FBD1D36387}.LIB Debug - LIB OpenSSL|x64.Build.0 = Debug|x64
		{6FCEEDD0-C893-4C4E-B85A-10FBD1D36387}.LIB Debug - LIB OpenSSL|x64.Deploy.0 = Debug|x64
		{6FCEEDD0-C893-4C4E-B85A-10FBD1D36387}.LIB Debug - LIB OpenSSL|x86.ActiveCfg = Debug|Win32
		{6FCEEDD0-C893-4C4E-B85A-10FBD1D36387}.LIB Debug - LIB OpenSSL|x86.Build.0 = Debug|Win32
		{6FCEEDD0-C893-4C4E-B85A-10FBD1D36387}.LIB Debug - LIB OpenSSL|x86.Deploy.0 = Debug|Win32
		{6FCEEDD0-C893-4C4E-B85A-10FBD1D36387}.LIB Debug|x64.ActiveCfg = Debug|x64
		{6FCEEDD0-C893-4C4E-B85A-10FBD1D36387}.LIB Debug|x64.Build.0 = Debug|x64
		{6FCEEDD0-C893-4C4E-B85A-10FBD1D36387}.LIB Debug|x64.Deploy.0 = Debug|x64
		{6FCEEDD0-C893-4C4E-B85A-10FBD1D36387}.LIB Debug|x86.ActiveCfg = Debug|Win32
		{6FCEEDD0-C893-4C4E-B85A-10FBD1D36387}.LIB Debug|x86.Build.0 = Debug|Win32
		{6FCEEDD0-C893-4C4E-B85A-10FBD1D36387}.LIB Debug|x86.Deploy.0 = Debug|Win32
		{6FCEEDD0-C893-4C4E-B85A-10FBD1D36387}.LIB Release - LIB mbedTLS|x64.ActiveCfg = Release|x64
		{6FCEEDD0-C893-4C4E-B85A-10FBD1D36387}.LIB Release - LIB mbedTLS|x64.Build.0 = Release|x64
		{6FCEEDD0-C893-4C4E-B85A-10FBD1D36387}.LIB Release - LIB mbedTLS|x64.Deploy.0 = Release|x64
		{6FCEEDD0-C893-4C4E-B85A-10FBD1D36387}.LIB Release - LIB mbedTLS|x86.ActiveCfg = Release|Win32
		{6FCEEDD0-C893-4C4E-B85A-10FBD1D36387}.LIB Release - LIB mbedTLS|x86.Build.0 = Release|Win32
		{6FCEEDD0-C893-4C4E-B85A-10FBD1D36387}.LIB Release - LIB mbedTLS|x86.Deploy.0 = Release|Win32
		{6FCEEDD0-C893-4C4E-B85A-10FBD1D36387}.LIB Release - LIB OpenSSL - LIB LibSSH2|x64.ActiveCfg = Release|x64
		{6FCEEDD0-C893-4C4E-B85A-10FBD1D36387}.LIB Release - LIB OpenSSL - LIB LibSSH2|x64.Build.0 = Release|x64
		{6FCEEDD0-C893-4C4E-B85A-10FBD1D36387}.LIB Release - LIB OpenSSL - LIB LibSSH2|x64.Deploy.0 = Release|x64
		{6FCEEDD0-C893-4C4E-B85A-10FBD1D36387}.LIB Release - LIB OpenSSL - LIB LibSSH2|x86.ActiveCfg = Release|Win32
		{6FCEEDD0-C893-4C4E-B85A-10FBD1D36387}.LIB Release - LIB OpenSSL - LIB LibSSH2|x86.Build.0 = Release|Win32
		{6FCEEDD0-C893-4C4E-B85A-10FBD1D36387}.LIB Release - LIB OpenSSL - LIB LibSSH2|x86.Deploy.0 = Release|Win32
		{6FCEEDD0-C893-4C4E-B85A-10FBD1D36387}.LIB Release - LIB OpenSSL|x64.ActiveCfg = Release|x64
		{6FCEEDD0-C893-4C4E-B85A-10FBD1D36387}.LIB Release - LIB OpenSSL|x64.Build.0 = Release|x64
		{6FCEEDD0-C893-4C4E-B85A-10FBD1D36387}.LIB Release - LIB OpenSSL|x64.Deploy.0 = Release|x64
		{6FCEEDD0-C893-4C4E-B85A-10FBD1D36387}.LIB Release - LIB OpenSSL|x86.ActiveCfg = Release|Win32
		{6FCEEDD0-C893-4C4E-B85A-10FBD1D36387}.LIB Release - LIB OpenSSL|x86.Build.0 = Release|Win32
		{6FCEEDD0-C893-4C4E-B85A-10FBD1D36387}.LIB Release - LIB OpenSSL|x86.Deploy.0 = Release|Win32
		{6FCEEDD0-C893-4C4E-B85A-10FBD1D36387}.LIB Release|x64.ActiveCfg = Release|x64
		{6FCEEDD0-C893-4C4E-B85A-10FBD1D36387}.LIB Release|x64.Build.0 = Release|x64
		{6FCEEDD0-C893-4C4E-B85A-10FBD1D36387}.LIB Release|x64.Deploy.0 = Release|x64
		{6FCEEDD0-C893-4C4E-B85A-10FBD1D36387}.LIB Release|x86.ActiveCfg = Release|Win32
		{6FCEEDD0-C893-4C4E-B85A-10FBD1D36387}.LIB Release|x86.Build.0 = Release|Win32
		{6FCEEDD0-C893-4C4E-B85A-10FBD1D36387}.LIB Release|x86.Deploy.0 = Release|Win32
		{6FCEEDD0-C893-4C4E-B85A-10FBD1D36387}.Release|x64.ActiveCfg = Release|x64
		{6FCEEDD0-C893-4C4E-B85A-10FBD1D36387}.Release|x64.Build.0 = Release|x64
		{6FCEEDD0-C893-4C4E-B85A-10FBD1D36387}.Release|x64.Deploy.0 = Release|x64
		{6FCEEDD0-C893-4C4E-B85A-10FBD1D36387}.Release|x86.ActiveCfg = Release|Win32
		{6FCEEDD0-C893-4C4E-B85A-10FBD1D36387}.Release|x86.Build.0 = Release|Win32
		{6FCEEDD0-C893-4C4E-B85A-10FBD1D36387}.Release|x86.Deploy.0 = Release|Win32
		{C693FF58-F640-4EB7-933A-FE6B46CCF005}.Debug|x64.ActiveCfg = Debug|x64
		{C693FF58-F640-4EB7-933A-FE6B46CCF005}.Debug|x64.Build.0 = Debug|x64
		{C693FF58-F640-4EB7-933A-FE6B46CCF005}.Debug|x86.ActiveCfg = Debug|Win32
		{C693FF58-F640-4EB7-933A-FE6B46CCF005}.Debug|x86.Build.0 = Debug|Win32
		{C693FF58-F640-4EB7-933A-FE6B46CCF005}.LIB Debug - LIB mbedTLS|x64.ActiveCfg = Debug|x64
		{C693FF58-F640-4EB7-933A-FE6B46CCF005}.LIB Debug - LIB mbedTLS|x64.Build.0 = Debug|x64
		{C693FF58-F640-4EB7-933A-FE6B46CCF005}.LIB Debug - LIB mbedTLS|x86.ActiveCfg = Debug|Win32
		{C693FF58-F640-4EB7-933A-FE6B46CCF005}.LIB Debug - LIB mbedTLS|x86.Build.0 = Debug|Win32
		{C693FF58-F640-4EB7-933A-FE6B46CCF005}.LIB Debug - LIB OpenSSL - LIB LibSSH2|x64.ActiveCfg = Debug|x64
		{C693FF58-F640-4EB7-933A-FE6B46CCF005}.LIB Debug - LIB OpenSSL - LIB LibSSH2|x64.Build.0 = Debug|x64
		{C693FF58-F640-4EB7-933A-FE6B46CCF005}.LIB Debug - LIB OpenSSL - LIB LibSSH2|x86.ActiveCfg = Debug|Win32
		{C693FF58-F640-4EB7-933A-FE6B46CCF005}.LIB Debug - LIB OpenSSL - LIB LibSSH2|x86.Build.0 = Debug|Win32
		{C693FF58-F640-4EB7-933A-FE6B46CCF005}.LIB Debug - LIB OpenSSL|x64.ActiveCfg = Debug|x64
		{C693FF58-F640-4EB7-933A-FE6B46CCF005}.LIB Debug - LIB OpenSSL|x64.Build.0 = Debug|x64
		{C693FF58-F640-4EB7-933A-FE6B46CCF005}.LIB Debug - LIB OpenSSL|x86.ActiveCfg = Debug|Win32
		{C693FF58-F640-4EB7-933A-FE6B46CCF005}.LIB Debug - LIB OpenSSL|x86.Build.0 = Debug|Win32
		{C693FF58-F640-4EB7-933A-FE6B46CCF005}.LIB Debug|x64.ActiveCfg = Debug|x64
		{C693FF58-F640-4EB7-933A-FE6B46CCF005}.LIB Debug|x64.Build.0 = Debug|x64
		{C693FF58-F640-4EB7-933A-FE6B46CCF005}.LIB Debug|x86.ActiveCfg = Debug|Win32
		{C693FF58-F640-4EB7-933A-FE6B46CCF005}.LIB Debug|x86.Build.0 = Debug|Win32
		{C693FF58-F640-4EB7-933A-FE6B46CCF005}.LIB Release - LIB mbedTLS|x64.ActiveCfg = Release|x64
		{C693FF58-F640-4EB7-933A-FE6B46CCF005}.LIB Release - LIB mbedTLS|x64.Build.0 = Release|x64
		{C693FF58-F640-4EB7-933A-FE6B46CCF005}.LIB Release - LIB mbedTLS|x86.ActiveCfg = Release|Win32
		{C693FF58-F640-4EB7-933A-FE6B46CCF005}.LIB Release - LIB mbedTLS|x86.Build.0 = Release|Win32
		{C693FF58-F640-4EB7-933A-FE6B46CCF005}.LIB Release - LIB OpenSSL - LIB LibSSH2|x64.ActiveCfg = Release|x64
		{C693FF58-F640-4EB7-933A-FE6B46CCF005}.LIB Release - LIB OpenSSL - LIB LibSSH2|x64.Build.0 = Release|x64
		{C693FF58-F640-4EB7-933A-FE6B46CCF005}.LIB Release - LIB OpenSSL - LIB LibSSH2|x86.ActiveCfg = Release|Win32
		{C693FF58-F640-4EB7-933A-FE6B46CCF005}.LIB Release - LIB OpenSSL - LIB LibSSH2|x86.Build.0 = Release|Win32
		{C693FF58-F640-4EB7-933A-FE6B46CCF005}.LIB Release - LIB OpenSSL|x64.ActiveCfg = Release|x64
		{C693FF58-F640-4EB7-933A-FE6B46CCF005}.LIB Release - LIB OpenSSL|x64.Build.0 = Release|x64
		{C693FF58-F640-4EB7-933A-FE6B46CCF005}.LIB Release - LIB OpenSSL|x86.ActiveCfg = Release|Win32
		{C693FF58-F640-4EB7-933A-FE6B46CCF005}.LIB Release - LIB OpenSSL|x86.Build.0 = Release|Win32
		{C693FF58-F640-4EB7-933A-FE6B46CCF005}.LIB Release|x64.ActiveCfg = Release|x64
		{C693FF58-F640-4EB7-933A-FE6B46CCF005}.LIB Release|x64.Build.0 = Release|x64
		{C693FF58-F640-4EB7-933A-FE6B46CCF005}.LIB Release|x86.ActiveCfg = Release|Win32
		{C693FF58-F640-4EB7-933A-FE6B46CCF005}.LIB Release|x86.Build.0 = Release|Win32
		{C693FF58-F640-4EB7-933A-FE6B46CCF005}.Release|x64.ActiveCfg = Release|x64
		{C693FF58-F640-4EB7-933A-FE6B46CCF005}.Release|x64.Build.0 = Release|x64
		{C693FF58-F640-4EB7-933A-FE6B46CCF005}.Release|x86.ActiveCfg = Release|Win32
		{C693FF58-F640-4EB7-933A-FE6B46CCF005}.Release|x86.Build.0 = Release|Win32
		{F95A34F6-93D5-42BC-8432-CF9C514FA1BD}.Debug|x64.ActiveCfg = Debug|x64
		{F95A34F6-93D5-42BC-8432-CF9C514FA1BD}.Debug|x64.Build.0 = Debug|x64
		{F95A34F6-93D5-42BC-8432-CF9C514FA1BD}.Debug|x86.ActiveCfg = Debug|Win32
		{F95A34F6-93D5-42BC-8432-CF9C514FA1BD}.Debug|x86.Build.0 = Debug|Win32
		{F95A34F6-93D5-42BC-8432-CF9C514FA1BD}.LIB Debug - LIB mbedTLS|x64.ActiveCfg = Debug|x64
		{F95A34F6-93D5-42BC-8432-CF9C514FA1BD}.LIB Debug - LIB mbedTLS|x64.Build.0 = Debug|x64
		{F95A34F6-93D5-42BC-8432-CF9C514FA1BD}.LIB Debug - LIB mbedTLS|x86.ActiveCfg = Debug|Win32
		{F95A34F6-93D5-42BC-8432-CF9C514FA1BD}.LIB Debug - LIB mbedTLS|x86.Build.0 = Debug|Win32
		{F95A34F6-93D5-42BC-8432-CF9C514FA1BD}.LIB Debug - LIB OpenSSL - LIB LibSSH2|x64.ActiveCfg = Debug|x64
		{F95A34F6-93D5-42BC-8432-CF9C514FA1BD}.LIB Debug - LIB OpenSSL - LIB LibSSH2|x64.Build.0 = Debug|x64
		{F95A34F6-93D5-42BC-8432-CF9C514FA1BD}.LIB Debug - LIB OpenSSL - LIB LibSSH2|x86.ActiveCfg = Debug|Win32
		{F95A34F6-93D5-42BC-8432-CF9C514FA1BD}.LIB Debug - LIB OpenSSL - LIB LibSSH2|x86.Build.0 = Debug|Win32
		{F95A34F6-93D5-42BC-8432-CF9C514FA1BD}.LIB Debug - LIB OpenSSL|x64.ActiveCfg = Debug|x64
		{F95A34F6-93D5-42BC-8432-CF9C514FA1BD}.LIB Debug - LIB OpenSSL|x64.Build.0 = Debug|x64
		{F95A34F6-93D5-42BC-8432-CF9C514FA1BD}.LIB Debug - LIB OpenSSL|x86.ActiveCfg = Debug|Win32
		{F95A34F6-93D5-42BC-8432-CF9C514FA1BD}.LIB Debug - LIB OpenSSL|x86.Build.0 = Debug|Win32
		{F95A34F6-93D5-42BC-8432-CF9C514FA1BD}.LIB Debug|x64.ActiveCfg = Debug|x64
		{F95A34F6-93D5-42BC-8432-CF9C514FA1BD}.LIB Debug|x64.Build.0 = Debug|x64
		{F95A34F6-93D5-42BC-8432-CF9C514FA1BD}.LIB Debug|x86.ActiveCfg = Debug|Win32
		{F95A34F6-93D5-42BC-8432-CF9C514FA1BD}.LIB Debug|x86.Build.0 = Debug|Win32
		{F95A34F6-93D5-42BC-8432-CF9C514FA1BD}.LIB Release - LIB mbedTLS|x64.ActiveCfg = Release|x64
		{F95A34F6-93D5-42BC-8432-CF9C514FA1BD}.LIB Release - LIB mbedTLS|x64.Build.0 = Release|x64
		{F95A34F6-93D5-42BC-8432-CF9C514FA1BD}.LIB Release - LIB mbedTLS|x86.ActiveCfg = Release|Win32
		{F95A34F6-93D5-42BC-8432-CF9C514FA1BD}.LIB Release - LIB mbedTLS|x86.Build.0 = Release|Win32
		{F95A34F6-93D5-42BC-8432-CF9C514FA1BD}.LIB Release - LIB OpenSSL - LIB LibSSH2|x64.ActiveCfg = Release|x64
		{F95A34F6-93D5-42BC-8432-CF9C514FA1BD}.LIB Release - LIB OpenSSL - LIB LibSSH2|x64.Build.0 = Release|x64
		{F95A34F6-93D5-42BC-8432-CF9C514FA1BD}.LIB Release - LIB OpenSSL - LIB LibSSH2|x86.ActiveCfg = Release|Win32
		{F95A34F6-93D5-42BC-8432-CF9C514FA1BD}.LIB Release - LIB OpenSSL - LIB LibSSH2|x86.Build.0 = Release|Win32
		{F95A34F6-93D5-42BC-8432-CF9C514FA1BD}.LIB Release - LIB OpenSSL|x64.ActiveCfg = Release|x64
		{F95A34F6-93D5-42BC-8432-CF9C514FA1BD}.LIB Release - LIB OpenSSL|x64.Build.0 = Release|x64
		{F95A34F6-93D5-42BC-8432-CF9C514FA1BD}.LIB Release - LIB OpenSSL|x86.ActiveCfg = Release|Win32
		{F95A34F6-93D5-42BC-8432-CF9C514FA1BD}.LIB Release - LIB OpenSSL|x86.Build.0 = Release|Win32
		{F95A34F6-93D5-42BC-8432-CF9C514FA1BD}.LIB Release|x64.ActiveCfg = Release|x64
		{F95A34F6-93D5-42BC-8432-CF9C514FA1BD}.LIB Release|x64.Build.0 = Release|x64
		{F95A34F6-93D5-42BC-8432-CF9C514FA1BD}.LIB Release|x86.ActiveCfg = Release|Win32
		{F95A34F6-93D5-42BC-8432-CF9C514FA1BD}.LIB Release|x86.Build.0 = Release|Win32
		{F95A34F6-93D5-42BC-8432-CF9C514FA1BD}.Release|x64.ActiveCfg = Release|x64
		{F95A34F6-93D5-42BC-8432-CF9C514FA1BD}.Release|x64.Build.0 = Release|x64
		{F95A34F6-93D5-42BC-8432-CF9C514FA1BD}.Release|x86.ActiveCfg = Release|Win32
		{F95A34F6-93D5-42BC-8432-CF9C514FA1BD}.Release|x86.Build.0 = Release|Win32
		{C03A2F80-0A3C-4CD5-89CC-04C637F5BAC9}.Debug|x64.ActiveCfg = Debug|x64
		{C03A2F80-0A3C-4CD5-89CC-04C637F5BAC9}.Debug|x64.Build.0 = Debug|x64
		{C03A2F80-0A3C-4CD5-89CC-04C637F5BAC9}.Debug|x86.ActiveCfg = Debug|Win32
		{C03A2F80-0A3C-4CD5-89CC-04C637F5BAC9}.Debug|x86.Build.0 = Debug|Win32
		{C03A2F80-0A3C-4CD5-89CC-04C637F5BAC9}.LIB Debug - LIB mbedTLS|x64.ActiveCfg = Debug|x64
		{C03A2F80-0A3C-4CD5-89CC-04C637F5BAC9}.LIB Debug - LIB mbedTLS|x64.Build.0 = Debug|x64
		{C03A2F80-0A3C-4CD5-89CC-04C637F5BAC9}.LIB Debug - LIB mbedTLS|x86.ActiveCfg = Debug|Win32
		{C03A2F80-0A3C-4CD5-89CC-04C637F5BAC9}.LIB Debug - LIB mbedTLS|x86.Build.0 = Debug|Win32
		{C03A2F80-0A3C-4CD5-89CC-04C637F5BAC9}.LIB Debug - LIB OpenSSL - LIB LibSSH2|x64.ActiveCfg = Debug|x64
		{C03A2F80-0A3C-4CD5-89CC-04C637F5BAC9}.LIB Debug - LIB OpenSSL - LIB LibSSH2|x64.Build.0 = Debug|x64
		{C03A2F80-0A3C-4CD5-89CC-04C637F5BAC9}.LIB Debug - LIB OpenSSL - LIB LibSSH2|x86.ActiveCfg = Debug|Win32
		{C03A2F80-0A3C-4CD5-89CC-04C637F5BAC9}.LIB Debug - LIB OpenSSL - LIB LibSSH2|x86.Build.0 = Debug|Win32
		{C03A2F80-0A3C-4CD5-89CC-04C637F5BAC9}.LIB Debug - LIB OpenSSL|x64.ActiveCfg = Debug|x64
		{C03A2F80-0A3C-4CD5-89CC-04C637F5BAC9}.LIB Debug - LIB OpenSSL|x64.Build.0 = Debug|x64
		{C03A2F80-0A3C-4CD5-89CC-04C637F5BAC9}.LIB Debug - LIB OpenSSL|x86.ActiveCfg = Debug|Win32
		{C03A2F80-0A3C-4CD5-89CC-04C637F5BAC9}.LIB Debug - LIB OpenSSL|x86.Build.0 = Debug|Win32
		{C03A2F80-0A3C-4CD5-89CC-04C637F5BAC9}.LIB Debug|x64.ActiveCfg = Debug|x64
		{C03A2F80-0A3C-4CD5-89CC-04C637F5BAC9}.LIB Debug|x64.Build.0 = Debug|x64
		{C03A2F80-0A3C-4CD5-89CC-04C637F5BAC9}.LIB Debug|x86.ActiveCfg = Debug|Win32
		{C03A2F80-0A3C-4CD5-89CC-04C637F5BAC9}.LIB Debug|x86.Build.0 = Debug|Win32
		{C03A2F80-0A3C-4CD5-89CC-04C637F5BAC9}.LIB Release - LIB mbedTLS|x64.ActiveCfg = Release|x64
		{C03A2F80-0A3C-4CD5-89CC-04C637F5BAC9}.LIB Release - LIB mbedTLS|x64.Build.0 = Release|x64
		{C03A2F80-0A3C-4CD5-89CC-04C637F5BAC9}.LIB Release - LIB mbedTLS|x86.ActiveCfg = Release|Win32
		{C03A2F80-0A3C-4CD5-89CC-04C637F5BAC9}.LIB Release - LIB mbedTLS|x86.Build.0 = Release|Win32
		{C03A2F80-0A3C-4CD5-89CC-04C637F5BAC9}.LIB Release - LIB OpenSSL - LIB LibSSH2|x64.ActiveCfg = Release|x64
		{C03A2F80-0A3C-4CD5-89CC-04C637F5BAC9}.LIB Release - LIB OpenSSL - LIB LibSSH2|x64.Build.0 = Release|x64
		{C03A2F80-0A3C-4CD5-89CC-04C637F5BAC9}.LIB Release - LIB OpenSSL - LIB LibSSH2|x86.ActiveCfg = Release|Win32
		{C03A2F80-0A3C-4CD5-89CC-04C637F5BAC9}.LIB Release - LIB OpenSSL - LIB LibSSH2|x86.Build.0 = Release|Win32
		{C03A2F80-0A3C-4CD5-89CC-04C637F5BAC9}.LIB Release - LIB OpenSSL|x64.ActiveCfg = Release|x64
		{C03A2F80-0A3C-4CD5-89CC-04C637F5BAC9}.LIB Release - LIB OpenSSL|x64.Build.0 = Release|x64
		{C03A2F80-0A3C-4CD5-89CC-04C637F5BAC9}.LIB Release - LIB OpenSSL|x86.ActiveCfg = Release|Win32
		{C03A2F80-0A3C-4CD5-89CC-04C637F5BAC9}.LIB Release - LIB OpenSSL|x86.Build.0 = Release|Win32
		{C03A2F80-0A3C-4CD5-89CC-04C637F5BAC9}.LIB Release|x64.ActiveCfg = Release|x64
		{C03A2F80-0A3C-4CD5-89CC-04C637F5BAC9}.LIB Release|x64.Build.0 = Release|x64
		{C03A2F80-0A3C-4CD5-89CC-04C637F5BAC9}.LIB Release|x86.ActiveCfg = Release|Win32
		{C03A2F80-0A3C-4CD5-89CC-04C637F5BAC9}.LIB Release|x86.Build.0 = Release|Win32
		{C03A2F80-0A3C-4CD5-89CC-04C637F5BAC9}.Release|x64.ActiveCfg = Release|x64
		{C03A2F80-0A3C-4CD5-89CC-04C637F5BAC9}.Release|x64.Build.0 = Release|x64
		{C03A2F80-0A3C-4CD5-89CC-04C637F5BAC9}.Release|x86.ActiveCfg = Release|Win32
		{C03A2F80-0A3C-4CD5-89CC-04C637F5BAC9}.Release|x86.Build.0 = Release|Win32
	EndGlobalSection
	GlobalSection(SolutionProperties) = preSolution
		HideSolutionNode = FALSE
	EndGlobalSection
	GlobalSection(NestedProjects) = preSolution
		{B3B6750E-2ACD-4362-845A-2A79AB52FBD1} = {97FBE2D9-ECAD-4E03-A2FF-F1F4F3F1ADD0}
		{4B237A6F-F4D9-4BBF-9D63-6460DDF8B984} = {97FBE2D9-ECAD-4E03-A2FF-F1F4F3F1ADD0}
		{E3FCC667-3505-4635-A78B-EA15E73D4755} = {97FBE2D9-ECAD-4E03-A2FF-F1F4F3F1ADD0}
		{E7BFC6A3-98B0-4103-A3BA-DE08105F2DB3} = {97FBE2D9-ECAD-4E03-A2FF-F1F4F3F1ADD0}
		{0E86FFB0-57E1-4A9E-A12D-8A07CA1C5708} = {97FBE2D9-ECAD-4E03-A2FF-F1F4F3F1ADD0}
		{22622606-5D5B-499C-8F3D-BAD302A10950} = {97FBE2D9-ECAD-4E03-A2FF-F1F4F3F1ADD0}
		{DA6F56B4-06A4-441D-AD70-AC5A7D51FADB} = {6076CCC1-4310-4D47-9859-D31649213017}
		{46CF2D25-6A36-4189-B59C-E4815388E554} = {6076CCC1-4310-4D47-9859-D31649213017}
		{AF9021E1-2FF3-4032-8027-04EE666A8C33} = {97FBE2D9-ECAD-4E03-A2FF-F1F4F3F1ADD0}
		{54761A10-7565-4CF4-934C-8AE984255207} = {EC24C19A-B10B-43B6-8CF0-CE938AA4CFB5}
		{4FA70435-9F72-4164-9D93-C352B624E19F} = {1860D18F-1ACE-4886-B8F3-BDE4BF22F00F}
		{0EEC3739-F60A-4B90-8B75-9E1AFF28106A} = {6076CCC1-4310-4D47-9859-D31649213017}
		{9D9B3D5A-F6F3-4AAE-918F-80E5062EE802} = {6076CCC1-4310-4D47-9859-D31649213017}
		{48C6E127-530C-4C02-9029-854A791AF816} = {981FEA22-3DE0-48C7-8A87-3C6FCBEA6843}
		{9734DA8A-5988-450F-8F51-6F1F6C7EDE2A} = {981FEA22-3DE0-48C7-8A87-3C6FCBEA6843}
		{5B033BAA-E21A-4E31-8418-EC3224EE0D6A} = {981FEA22-3DE0-48C7-8A87-3C6FCBEA6843}
		{6FCEEDD0-C893-4C4E-B85A-10FBD1D36387} = {97FBE2D9-ECAD-4E03-A2FF-F1F4F3F1ADD0}
		{1860D18F-1ACE-4886-B8F3-BDE4BF22F00F} = {2005A03A-337A-442C-8114-1C1AEF41E005}
		{981FEA22-3DE0-48C7-8A87-3C6FCBEA6843} = {2005A03A-337A-442C-8114-1C1AEF41E005}
		{EC24C19A-B10B-43B6-8CF0-CE938AA4CFB5} = {2005A03A-337A-442C-8114-1C1AEF41E005}
		{681D96B4-39DF-4CB7-8FF9-855EB7624446} = {2005A03A-337A-442C-8114-1C1AEF41E005}
		{C693FF58-F640-4EB7-933A-FE6B46CCF005} = {681D96B4-39DF-4CB7-8FF9-855EB7624446}
		{F95A34F6-93D5-42BC-8432-CF9C514FA1BD} = {1860D18F-1ACE-4886-B8F3-BDE4BF22F00F}
		{C03A2F80-0A3C-4CD5-89CC-04C637F5BAC9} = {981FEA22-3DE0-48C7-8A87-3C6FCBEA6843}
	EndGlobalSection
EndGlobal
