<?xml version="1.0" encoding="utf-8"?>
<Project ToolsVersion="4.0" xmlns="http://schemas.microsoft.com/developer/msbuild/2003">
  <ItemGroup>
    <Filter Include="Source Files">
      <UniqueIdentifier>{4FC737F1-C7A5-4376-A066-2A32D752A2FF}</UniqueIdentifier>
      <Extensions>cpp;c;cc;cxx;def;odl;idl;hpj;bat;asm;asmx</Extensions>
    </Filter>
    <Filter Include="Header Files">
      <UniqueIdentifier>{93995380-89BD-4b04-88EB-625FBE52EBFB}</UniqueIdentifier>
      <Extensions>h;hpp;hxx;hm;inl;inc;xsd</Extensions>
    </Filter>
    <Filter Include="src">
      <UniqueIdentifier>{0fbe46bb-315d-4bf1-b355-340a46ed4d59}</UniqueIdentifier>
    </Filter>
    <Filter Include="include">
      <UniqueIdentifier>{99a109bc-cce0-4571-9395-7299c7a90688}</UniqueIdentifier>
    </Filter>
    <Filter Include="include\ccIoTDevice">
      <UniqueIdentifier>{84170ed3-9dbe-4d74-b667-3d27cb12f65a}</UniqueIdentifier>
    </Filter>
  </ItemGroup>
  <ItemGroup>
    <None Include="ReadMe.txt" />
  </ItemGroup>
  <ItemGroup>
    <ClCompile Include="..\src\ccIoTDevice.cpp">
      <Filter>src</Filter>
    </ClCompile>
    <ClCompile Include="..\src\ccIoTDeviceInfo.cpp">
      <Filter>src</Filter>
    </ClCompile>
    <ClCompile Include="..\src\ccIoTDeviceAgent.cpp">
      <Filter>src</Filter>
    </ClCompile>
    <ClCompile Include="..\src\ccIoTDeviceManager.cpp">
      <Filter>src</Filter>
    </ClCompile>
    <ClCompile Include="..\src\ccIoTDeviceProtocol.cpp">
      <Filter>src</Filter>
    </ClCompile>
    <ClCompile Include="..\src\ccIoTDeviceSpecification.cpp">
      <Filter>src</Filter>
    </ClCompile>
    <ClCompile Include="..\src\ccIoTDeviceSpecificationList.cpp">
      <Filter>src</Filter>
    </ClCompile>
    <ClCompile Include="..\src\ccIotDeviceSyncProtocol.cpp">
      <Filter>src</Filter>
    </ClCompile>
    <ClCompile Include="..\src\ccIoTDeviceTransport.cpp">
      <Filter>src</Filter>
    </ClCompile>
    <ClCompile Include="..\src\ccIoTDeviceTransportFactory.cpp">
      <Filter>src</Filter>
    </ClCompile>
  </ItemGroup>
  <ItemGroup>
    <ClInclude Include="..\include\ccIoTDevice\ccIoTDevice.h">
      <Filter>include\ccIoTDevice</Filter>
    </ClInclude>
    <ClInclude Include="..\include\ccIoTDevice\ccIoTDeviceAgent.h">
      <Filter>include\ccIoTDevice</Filter>
    </ClInclude>
    <ClInclude Include="..\include\ccIoTDevice\ccIoTDeviceInfo.h">
      <Filter>include\ccIoTDevice</Filter>
    </ClInclude>
    <ClInclude Include="..\include\ccIoTDevice\ccIoTDeviceManager.h">
      <Filter>include\ccIoTDevice</Filter>
    </ClInclude>
    <ClInclude Include="..\include\ccIoTDevice\ccIoTDeviceProtocol.h">
      <Filter>include\ccIoTDevice</Filter>
    </ClInclude>
    <ClInclude Include="..\include\ccIoTDevice\ccIoTDeviceSpecification.h">
      <Filter>include\ccIoTDevice</Filter>
    </ClInclude>
    <ClInclude Include="..\include\ccIoTDevice\ccIoTDeviceSpecificationList.h">
      <Filter>include\ccIoTDevice</Filter>
    </ClInclude>
    <ClInclude Include="..\include\ccIoTDevice\ccIotDeviceSyncProtocol.h">
      <Filter>include\ccIoTDevice</Filter>
    </ClInclude>
    <ClInclude Include="..\include\ccIoTDevice\ccIoTDeviceTransport.h">
      <Filter>include\ccIoTDevice</Filter>
    </ClInclude>
    <ClInclude Include="..\include\ccIoTDevice\ccIoTDeviceTransportFactory.h">
      <Filter>include\ccIoTDevice</Filter>
    </ClInclude>
  </ItemGroup>
</Project>