<?xml version="1.0" encoding="utf-8"?>
<Project ToolsVersion="4.0" xmlns="http://schemas.microsoft.com/developer/msbuild/2003">
  <ItemGroup>
    <Filter Include="src">
      <UniqueIdentifier>{2e9b30d3-502e-4c2f-b229-0a8cd45d5946}</UniqueIdentifier>
    </Filter>
    <Filter Include="Header Files">
      <UniqueIdentifier>{4FC737F1-C7A5-4376-A066-2A32D752A2FF}</UniqueIdentifier>
      <Extensions>cpp;c;cc;cxx;def;odl;idl;hpj;bat;asm;asmx</Extensions>
    </Filter>
    <Filter Include="src\AudioManager">
      <UniqueIdentifier>{b10e6791-b7d8-427f-8e72-21b71ec0b78d}</UniqueIdentifier>
    </Filter>
  </ItemGroup>
  <ItemGroup>
    <ClCompile Include="..\src\main.cpp">
      <Filter>src</Filter>
    </ClCompile>
    <ClCompile Include="..\src\ConversationClient.cpp">
      <Filter>src</Filter>
    </ClCompile>
    <ClCompile Include="..\src\STTClient.cpp">
      <Filter>src</Filter>
    </ClCompile>
    <ClCompile Include="..\src\EnvironmentInfo.cpp">
      <Filter>src</Filter>
    </ClCompile>
    <ClCompile Include="..\src\TTSClient.cpp">
      <Filter>src</Filter>
    </ClCompile>
    <ClCompile Include="..\src\ConversationClientWithController.cpp">
      <Filter>src</Filter>
    </ClCompile>
    <ClCompile Include="..\src\LogManager.cpp">
      <Filter>src</Filter>
    </ClCompile>
    <ClCompile Include="..\src\AudioManager\AudioDevice.cpp">
      <Filter>src\AudioManager</Filter>
    </ClCompile>
    <ClCompile Include="..\src\AudioManager\AudioManager.cpp">
      <Filter>src\AudioManager</Filter>
    </ClCompile>
  </ItemGroup>
  <ItemGroup>
    <ClInclude Include="..\src\ConversationClient.h">
      <Filter>src</Filter>
    </ClInclude>
    <ClInclude Include="..\src\STTClient.h">
      <Filter>src</Filter>
    </ClInclude>
    <ClInclude Include="..\src\EnvironmentInfo.h">
      <Filter>src</Filter>
    </ClInclude>
    <ClInclude Include="..\src\TTSClient.h">
      <Filter>src</Filter>
    </ClInclude>
    <ClInclude Include="..\src\ConversationClientWithController.h">
      <Filter>src</Filter>
    </ClInclude>
    <ClInclude Include="..\src\LogManager.h">
      <Filter>src</Filter>
    </ClInclude>
    <ClInclude Include="..\src\AudioManager\AudioDevice.h">
      <Filter>src\AudioManager</Filter>
    </ClInclude>
    <ClInclude Include="..\src\AudioManager\AudioManager.h">
      <Filter>src\AudioManager</Filter>
    </ClInclude>
    <ClInclude Include="..\src\AudioManager\RingBuffer.h">
      <Filter>src\AudioManager</Filter>
    </ClInclude>
  </ItemGroup>
</Project>